Microsoft Visual Studio Solution File, Format Version 12.00
# Visual Studio 14
VisualStudioVersion = 14.0.23107.0
MinimumVisualStudioVersion = 10.0.40219.1
Project("{8BC9CEB8-8B4A-11D0-8D11-00A0C91BC942}") = "Test Bath", "..\..\Test Snap\Bath\Test Snap 1 Bath.vcxproj", "{6906C3B1-96C3-4FAD-98BF-3D55D4E165D4}"
	ProjectSection(ProjectDependencies) = postProject
		{B0B64617-BC0A-4948-84BE-FD23EE1E4356} = {B0B64617-BC0A-4948-84BE-FD23EE1E4356}
	EndProjectSection
EndProject
Project("{8BC9CEB8-8B4A-11D0-8D11-00A0C91BC942}") = "Test Timeway", "..\..\Test Snap\Timeway\Timeway.vcxproj", "{64BA56D6-26EC-4C9F-A398-0E3430FD289B}"
	ProjectSection(ProjectDependencies) = postProject
		{B0B64617-BC0A-4948-84BE-FD23EE1E4356} = {B0B64617-BC0A-4948-84BE-FD23EE1E4356}
	EndProjectSection
EndProject
Project("{8BC9CEB8-8B4A-11D0-8D11-00A0C91BC942}") = "Update Customer", "..\Update Customer\Update Customer.vcxproj", "{1C861363-EF3B-4451-9D9A-1837E66CE550}"
	ProjectSection(ProjectDependencies) = postProject
		{B03B6607-5BDF-462F-B6A0-D36A429A2986} = {B03B6607-5BDF-462F-B6A0-D36A429A2986}
		{B0B64617-BC0A-4948-84BE-FD23EE1E4356} = {B0B64617-BC0A-4948-84BE-FD23EE1E4356}
	EndProjectSection
EndProject
Project("{8BC9CEB8-8B4A-11D0-8D11-00A0C91BC942}") = "Quick Hoist Snap", "..\..\Timeway\Quick Hoist Snap\Quick Hoist Snap.vcxproj", "{8045F160-A5D7-4048-8C7B-94B6067EF26A}"
	ProjectSection(ProjectDependencies) = postProject
		{B0B64617-BC0A-4948-84BE-FD23EE1E4356} = {B0B64617-BC0A-4948-84BE-FD23EE1E4356}
	EndProjectSection
EndProject
Project("{8BC9CEB8-8B4A-11D0-8D11-00A0C91BC942}") = "Portable", "..\..\Portable\Portable.vcxproj", "{6C493DAE-A5D4-4CF3-8744-8A8B5933F137}"
	ProjectSection(ProjectDependencies) = postProject
		{B03B6607-5BDF-462F-B6A0-D36A429A2986} = {B03B6607-5BDF-462F-B6A0-D36A429A2986}
		{B0B64617-BC0A-4948-84BE-FD23EE1E4356} = {B0B64617-BC0A-4948-84BE-FD23EE1E4356}
	EndProjectSection
EndProject
Project("{8BC9CEB8-8B4A-11D0-8D11-00A0C91BC942}") = "Lacks Bath", "..\..\Lacks Bath\Lacks Bath.vcxproj", "{4C2D3900-6CA9-49FA-9549-9B1540506FC5}"
	ProjectSection(ProjectDependencies) = postProject
		{B03B6607-5BDF-462F-B6A0-D36A429A2986} = {B03B6607-5BDF-462F-B6A0-D36A429A2986}
		{B0B64617-BC0A-4948-84BE-FD23EE1E4356} = {B0B64617-BC0A-4948-84BE-FD23EE1E4356}
	EndProjectSection
EndProject
Project("{8BC9CEB8-8B4A-11D0-8D11-00A0C91BC942}") = "Lacks Operator", "..\..\Lacks Operator\Lacks Operator.vcxproj", "{45762600-A8D9-4B5B-A4D8-B22FB82EA0EE}"
	ProjectSection(ProjectDependencies) = postProject
		{B03B6607-5BDF-462F-B6A0-D36A429A2986} = {B03B6607-5BDF-462F-B6A0-D36A429A2986}
		{B0B64617-BC0A-4948-84BE-FD23EE1E4356} = {B0B64617-BC0A-4948-84BE-FD23EE1E4356}
	EndProjectSection
EndProject
Project("{8BC9CEB8-8B4A-11D0-8D11-00A0C91BC942}") = "Paint Schedule", "..\..\52nd East Paint\Paint Schedule\Paint Schedule.vcxproj", "{5925B768-0FB4-45FF-8D67-406B330EDDA2}"
	ProjectSection(ProjectDependencies) = postProject
		{B03B6607-5BDF-462F-B6A0-D36A429A2986} = {B03B6607-5BDF-462F-B6A0-D36A429A2986}
		{B0B64617-BC0A-4948-84BE-FD23EE1E4356} = {B0B64617-BC0A-4948-84BE-FD23EE1E4356}
	EndProjectSection
EndProject
Project("{8BC9CEB8-8B4A-11D0-8D11-00A0C91BC942}") = "Inspect", "..\..\Inspect\Inspect.vcxproj", "{07BC8426-47B3-43B6-9BBD-12AEDC7C8AD2}"
	ProjectSection(ProjectDependencies) = postProject
		{B03B6607-5BDF-462F-B6A0-D36A429A2986} = {B03B6607-5BDF-462F-B6A0-D36A429A2986}
		{B0B64617-BC0A-4948-84BE-FD23EE1E4356} = {B0B64617-BC0A-4948-84BE-FD23EE1E4356}
	EndProjectSection
EndProject
Project("{8BC9CEB8-8B4A-11D0-8D11-00A0C91BC942}") = "52nd East Paint Timeway", "..\..\52nd East Paint\Timeway\52nd East Paint Timeway.vcxproj", "{1BBB4D09-47FB-44F1-B2FC-5BA3E26A9A57}"
	ProjectSection(ProjectDependencies) = postProject
		{B03B6607-5BDF-462F-B6A0-D36A429A2986} = {B03B6607-5BDF-462F-B6A0-D36A429A2986}
		{B0B64617-BC0A-4948-84BE-FD23EE1E4356} = {B0B64617-BC0A-4948-84BE-FD23EE1E4356}
	EndProjectSection
EndProject
Project("{8BC9CEB8-8B4A-11D0-8D11-00A0C91BC942}") = "Airlane North Timeway", "..\..\Airlane North\Airlane North Timeway.vcxproj", "{7758D7E1-C77D-4871-A7BC-5B90D24C26AF}"
	ProjectSection(ProjectDependencies) = postProject
		{B03B6607-5BDF-462F-B6A0-D36A429A2986} = {B03B6607-5BDF-462F-B6A0-D36A429A2986}
		{B0B64617-BC0A-4948-84BE-FD23EE1E4356} = {B0B64617-BC0A-4948-84BE-FD23EE1E4356}
	EndProjectSection
EndProject
Project("{8BC9CEB8-8B4A-11D0-8D11-00A0C91BC942}") = "Airlane South Timeway", "..\..\Airlane South\Airlane South Timeway.vcxproj", "{032895DA-F5CE-4448-B55A-DCC49F7B4C78}"
	ProjectSection(ProjectDependencies) = postProject
		{B03B6607-5BDF-462F-B6A0-D36A429A2986} = {B03B6607-5BDF-462F-B6A0-D36A429A2986}
		{B0B64617-BC0A-4948-84BE-FD23EE1E4356} = {B0B64617-BC0A-4948-84BE-FD23EE1E4356}
	EndProjectSection
EndProject
Project("{8BC9CEB8-8B4A-11D0-8D11-00A0C91BC942}") = "Barden Timeway", "..\..\Barden\Barden.vcxproj", "{4E6B98A7-119B-4B23-8E50-761482DB167D}"
	ProjectSection(ProjectDependencies) = postProject
		{B03B6607-5BDF-462F-B6A0-D36A429A2986} = {B03B6607-5BDF-462F-B6A0-D36A429A2986}
		{B0B64617-BC0A-4948-84BE-FD23EE1E4356} = {B0B64617-BC0A-4948-84BE-FD23EE1E4356}
	EndProjectSection
EndProject
Project("{8BC9CEB8-8B4A-11D0-8D11-00A0C91BC942}") = "Kraft Timeway", "..\..\Kraft\Kraft Timeway.vcxproj", "{8CA38A9F-F431-4DF1-8339-BF00FA42EEE2}"
	ProjectSection(ProjectDependencies) = postProject
		{B03B6607-5BDF-462F-B6A0-D36A429A2986} = {B03B6607-5BDF-462F-B6A0-D36A429A2986}
		{B0B64617-BC0A-4948-84BE-FD23EE1E4356} = {B0B64617-BC0A-4948-84BE-FD23EE1E4356}
	EndProjectSection
EndProject
Project("{8BC9CEB8-8B4A-11D0-8D11-00A0C91BC942}") = "Lacks Common", "..\..\Lacks Common\Lacks Common.vcxproj", "{B03B6607-5BDF-462F-B6A0-D36A429A2986}"
	ProjectSection(ProjectDependencies) = postProject
		{B0B64617-BC0A-4948-84BE-FD23EE1E4356} = {B0B64617-BC0A-4948-84BE-FD23EE1E4356}
	EndProjectSection
EndProject
Project("{8BC9CEB8-8B4A-11D0-8D11-00A0C91BC942}") = "Define", "..\..\Define\Define.vcxproj", "{0152A074-7B3F-4616-8C55-90A351846255}"
	ProjectSection(ProjectDependencies) = postProject
		{B0B64617-BC0A-4948-84BE-FD23EE1E4356} = {B0B64617-BC0A-4948-84BE-FD23EE1E4356}
	EndProjectSection
EndProject
Project("{8BC9CEB8-8B4A-11D0-8D11-00A0C91BC942}") = "Trend", "..\..\Trend\Trend.vcxproj", "{3D6AC472-9E87-43B8-AAB1-4D407103147F}"
	ProjectSection(ProjectDependencies) = postProject
		{B0B64617-BC0A-4948-84BE-FD23EE1E4356} = {B0B64617-BC0A-4948-84BE-FD23EE1E4356}
	EndProjectSection
EndProject
Project("{8BC9CEB8-8B4A-11D0-8D11-00A0C91BC942}") = "Rectifier", "..\..\Rectifier\Rectifier.vcxproj", "{6F544506-BB40-4D7D-A6AF-C96F43D6352C}"
	ProjectSection(ProjectDependencies) = postProject
		{8045F160-A5D7-4048-8C7B-94B6067EF26A} = {8045F160-A5D7-4048-8C7B-94B6067EF26A}
	EndProjectSection
EndProject
Project("{8BC9CEB8-8B4A-11D0-8D11-00A0C91BC942}") = "Scrap", "..\..\Scrap\Scrap.vcxproj", "{81ED9022-C6A7-4CAF-9102-614F4B1F42F0}"
	ProjectSection(ProjectDependencies) = postProject
		{B0B64617-BC0A-4948-84BE-FD23EE1E4356} = {B0B64617-BC0A-4948-84BE-FD23EE1E4356}
	EndProjectSection
EndProject
Project("{8BC9CEB8-8B4A-11D0-8D11-00A0C91BC942}") = "Show Line", "..\..\Show Line\Show Line.vcxproj", "{482A0606-8657-48EA-A341-1A8AF6A820B7}"
	ProjectSection(ProjectDependencies) = postProject
		{B0B64617-BC0A-4948-84BE-FD23EE1E4356} = {B0B64617-BC0A-4948-84BE-FD23EE1E4356}
	EndProjectSection
EndProject
Project("{8BC9CEB8-8B4A-11D0-8D11-00A0C91BC942}") = "Snap", "..\..\Snap\Snap.vcxproj", "{6930FEEA-23D0-4464-9F50-73245E3BD008}"
	ProjectSection(ProjectDependencies) = postProject
		{B0B64617-BC0A-4948-84BE-FD23EE1E4356} = {B0B64617-BC0A-4948-84BE-FD23EE1E4356}
	EndProjectSection
EndProject
Project("{8BC9CEB8-8B4A-11D0-8D11-00A0C91BC942}") = "Quick Plate", "..\..\Library\Quick Plate.vcxproj", "{B0B64617-BC0A-4948-84BE-FD23EE1E4356}"
EndProject
Global
	GlobalSection(SolutionConfigurationPlatforms) = preSolution
		Debug|Mixed Platforms = Debug|Mixed Platforms
		Debug|Pocket PC 2003 (ARMV4) = Debug|Pocket PC 2003 (ARMV4)
		Debug|Win32 = Debug|Win32
		Debug|x64 = Debug|x64
		Release|Mixed Platforms = Release|Mixed Platforms
		Release|Pocket PC 2003 (ARMV4) = Release|Pocket PC 2003 (ARMV4)
		Release|Win32 = Release|Win32
		Release|x64 = Release|x64
		Template|Mixed Platforms = Template|Mixed Platforms
		Template|Pocket PC 2003 (ARMV4) = Template|Pocket PC 2003 (ARMV4)
		Template|Win32 = Template|Win32
		Template|x64 = Template|x64
	EndGlobalSection
	GlobalSection(ProjectConfigurationPlatforms) = postSolution
		{6906C3B1-96C3-4FAD-98BF-3D55D4E165D4}.Debug|Mixed Platforms.ActiveCfg = Release|Win32
		{6906C3B1-96C3-4FAD-98BF-3D55D4E165D4}.Debug|Mixed Platforms.Build.0 = Release|Win32
		{6906C3B1-96C3-4FAD-98BF-3D55D4E165D4}.Debug|Pocket PC 2003 (ARMV4).ActiveCfg = Release|x64
		{6906C3B1-96C3-4FAD-98BF-3D55D4E165D4}.Debug|Win32.ActiveCfg = Release|x64
		{6906C3B1-96C3-4FAD-98BF-3D55D4E165D4}.Debug|x64.ActiveCfg = Release|x64
		{6906C3B1-96C3-4FAD-98BF-3D55D4E165D4}.Debug|x64.Build.0 = Release|x64
		{6906C3B1-96C3-4FAD-98BF-3D55D4E165D4}.Release|Mixed Platforms.ActiveCfg = Release|Win32
		{6906C3B1-96C3-4FAD-98BF-3D55D4E165D4}.Release|Mixed Platforms.Build.0 = Release|Win32
		{6906C3B1-96C3-4FAD-98BF-3D55D4E165D4}.Release|Pocket PC 2003 (ARMV4).ActiveCfg = Release|x64
		{6906C3B1-96C3-4FAD-98BF-3D55D4E165D4}.Release|Win32.ActiveCfg = Release|Win32
		{6906C3B1-96C3-4FAD-98BF-3D55D4E165D4}.Release|Win32.Build.0 = Release|Win32
		{6906C3B1-96C3-4FAD-98BF-3D55D4E165D4}.Release|x64.ActiveCfg = Release|x64
		{6906C3B1-96C3-4FAD-98BF-3D55D4E165D4}.Release|x64.Build.0 = Release|x64
		{6906C3B1-96C3-4FAD-98BF-3D55D4E165D4}.Template|Mixed Platforms.ActiveCfg = Release|Win32
		{6906C3B1-96C3-4FAD-98BF-3D55D4E165D4}.Template|Mixed Platforms.Build.0 = Release|Win32
		{6906C3B1-96C3-4FAD-98BF-3D55D4E165D4}.Template|Pocket PC 2003 (ARMV4).ActiveCfg = Release|x64
		{6906C3B1-96C3-4FAD-98BF-3D55D4E165D4}.Template|Win32.ActiveCfg = Release|x64
		{6906C3B1-96C3-4FAD-98BF-3D55D4E165D4}.Template|x64.ActiveCfg = Release|x64
		{6906C3B1-96C3-4FAD-98BF-3D55D4E165D4}.Template|x64.Build.0 = Release|x64
		{64BA56D6-26EC-4C9F-A398-0E3430FD289B}.Debug|Mixed Platforms.ActiveCfg = Release|Win32
		{64BA56D6-26EC-4C9F-A398-0E3430FD289B}.Debug|Mixed Platforms.Build.0 = Release|Win32
		{64BA56D6-26EC-4C9F-A398-0E3430FD289B}.Debug|Pocket PC 2003 (ARMV4).ActiveCfg = Release|x64
		{64BA56D6-26EC-4C9F-A398-0E3430FD289B}.Debug|Win32.ActiveCfg = Release|x64
		{64BA56D6-26EC-4C9F-A398-0E3430FD289B}.Debug|x64.ActiveCfg = Release|x64
		{64BA56D6-26EC-4C9F-A398-0E3430FD289B}.Debug|x64.Build.0 = Release|x64
		{64BA56D6-26EC-4C9F-A398-0E3430FD289B}.Release|Mixed Platforms.ActiveCfg = Release|Win32
		{64BA56D6-26EC-4C9F-A398-0E3430FD289B}.Release|Mixed Platforms.Build.0 = Release|Win32
		{64BA56D6-26EC-4C9F-A398-0E3430FD289B}.Release|Pocket PC 2003 (ARMV4).ActiveCfg = Release|x64
		{64BA56D6-26EC-4C9F-A398-0E3430FD289B}.Release|Win32.ActiveCfg = Release|Win32
		{64BA56D6-26EC-4C9F-A398-0E3430FD289B}.Release|Win32.Build.0 = Release|Win32
		{64BA56D6-26EC-4C9F-A398-0E3430FD289B}.Release|x64.ActiveCfg = Release|x64
		{64BA56D6-26EC-4C9F-A398-0E3430FD289B}.Release|x64.Build.0 = Release|x64
		{64BA56D6-26EC-4C9F-A398-0E3430FD289B}.Template|Mixed Platforms.ActiveCfg = Release|Win32
		{64BA56D6-26EC-4C9F-A398-0E3430FD289B}.Template|Mixed Platforms.Build.0 = Release|Win32
		{64BA56D6-26EC-4C9F-A398-0E3430FD289B}.Template|Pocket PC 2003 (ARMV4).ActiveCfg = Release|x64
		{64BA56D6-26EC-4C9F-A398-0E3430FD289B}.Template|Win32.ActiveCfg = Release|x64
		{64BA56D6-26EC-4C9F-A398-0E3430FD289B}.Template|x64.ActiveCfg = Release|x64
		{64BA56D6-26EC-4C9F-A398-0E3430FD289B}.Template|x64.Build.0 = Release|x64
		{1C861363-EF3B-4451-9D9A-1837E66CE550}.Debug|Mixed Platforms.ActiveCfg = Release|Win32
		{1C861363-EF3B-4451-9D9A-1837E66CE550}.Debug|Mixed Platforms.Build.0 = Release|Win32
		{1C861363-EF3B-4451-9D9A-1837E66CE550}.Debug|Pocket PC 2003 (ARMV4).ActiveCfg = Release|x64
		{1C861363-EF3B-4451-9D9A-1837E66CE550}.Debug|Win32.ActiveCfg = Release|x64
		{1C861363-EF3B-4451-9D9A-1837E66CE550}.Debug|x64.ActiveCfg = Release|x64
		{1C861363-EF3B-4451-9D9A-1837E66CE550}.Debug|x64.Build.0 = Release|x64
		{1C861363-EF3B-4451-9D9A-1837E66CE550}.Release|Mixed Platforms.ActiveCfg = Release|Win32
		{1C861363-EF3B-4451-9D9A-1837E66CE550}.Release|Mixed Platforms.Build.0 = Release|Win32
		{1C861363-EF3B-4451-9D9A-1837E66CE550}.Release|Pocket PC 2003 (ARMV4).ActiveCfg = Release|x64
		{1C861363-EF3B-4451-9D9A-1837E66CE550}.Release|Win32.ActiveCfg = Release|Win32
		{1C861363-EF3B-4451-9D9A-1837E66CE550}.Release|Win32.Build.0 = Release|Win32
		{1C861363-EF3B-4451-9D9A-1837E66CE550}.Release|x64.ActiveCfg = Release|x64
		{1C861363-EF3B-4451-9D9A-1837E66CE550}.Release|x64.Build.0 = Release|x64
		{1C861363-EF3B-4451-9D9A-1837E66CE550}.Template|Mixed Platforms.ActiveCfg = Release|Win32
		{1C861363-EF3B-4451-9D9A-1837E66CE550}.Template|Mixed Platforms.Build.0 = Release|Win32
		{1C861363-EF3B-4451-9D9A-1837E66CE550}.Template|Pocket PC 2003 (ARMV4).ActiveCfg = Release|x64
		{1C861363-EF3B-4451-9D9A-1837E66CE550}.Template|Win32.ActiveCfg = Release|x64
		{1C861363-EF3B-4451-9D9A-1837E66CE550}.Template|x64.ActiveCfg = Release|x64
		{1C861363-EF3B-4451-9D9A-1837E66CE550}.Template|x64.Build.0 = Release|x64
		{8045F160-A5D7-4048-8C7B-94B6067EF26A}.Debug|Mixed Platforms.ActiveCfg = Debug|Win32
		{8045F160-A5D7-4048-8C7B-94B6067EF26A}.Debug|Mixed Platforms.Build.0 = Debug|Win32
		{8045F160-A5D7-4048-8C7B-94B6067EF26A}.Debug|Pocket PC 2003 (ARMV4).ActiveCfg = Debug|Win32
		{8045F160-A5D7-4048-8C7B-94B6067EF26A}.Debug|Win32.ActiveCfg = Debug|Win32
		{8045F160-A5D7-4048-8C7B-94B6067EF26A}.Debug|Win32.Build.0 = Debug|Win32
		{8045F160-A5D7-4048-8C7B-94B6067EF26A}.Debug|x64.ActiveCfg = Debug|Win32
		{8045F160-A5D7-4048-8C7B-94B6067EF26A}.Release|Mixed Platforms.ActiveCfg = Release|Win32
		{8045F160-A5D7-4048-8C7B-94B6067EF26A}.Release|Mixed Platforms.Build.0 = Release|Win32
		{8045F160-A5D7-4048-8C7B-94B6067EF26A}.Release|Pocket PC 2003 (ARMV4).ActiveCfg = Release|Win32
		{8045F160-A5D7-4048-8C7B-94B6067EF26A}.Release|Win32.ActiveCfg = Release|Win32
		{8045F160-A5D7-4048-8C7B-94B6067EF26A}.Release|Win32.Build.0 = Release|Win32
		{8045F160-A5D7-4048-8C7B-94B6067EF26A}.Release|x64.ActiveCfg = Release|x64
		{8045F160-A5D7-4048-8C7B-94B6067EF26A}.Release|x64.Build.0 = Release|x64
		{8045F160-A5D7-4048-8C7B-94B6067EF26A}.Template|Mixed Platforms.ActiveCfg = Release|Win32
		{8045F160-A5D7-4048-8C7B-94B6067EF26A}.Template|Mixed Platforms.Build.0 = Release|Win32
		{8045F160-A5D7-4048-8C7B-94B6067EF26A}.Template|Pocket PC 2003 (ARMV4).ActiveCfg = Release|Win32
		{8045F160-A5D7-4048-8C7B-94B6067EF26A}.Template|Win32.ActiveCfg = Release|Win32
		{8045F160-A5D7-4048-8C7B-94B6067EF26A}.Template|Win32.Build.0 = Release|Win32
		{8045F160-A5D7-4048-8C7B-94B6067EF26A}.Template|x64.ActiveCfg = Release|Win32
		{6C493DAE-A5D4-4CF3-8744-8A8B5933F137}.Debug|Mixed Platforms.ActiveCfg = Release|Win32
		{6C493DAE-A5D4-4CF3-8744-8A8B5933F137}.Debug|Mixed Platforms.Build.0 = Release|Win32
		{6C493DAE-A5D4-4CF3-8744-8A8B5933F137}.Debug|Pocket PC 2003 (ARMV4).ActiveCfg = Release|x64
		{6C493DAE-A5D4-4CF3-8744-8A8B5933F137}.Debug|Pocket PC 2003 (ARMV4).Build.0 = Release|x64
		{6C493DAE-A5D4-4CF3-8744-8A8B5933F137}.Debug|Win32.ActiveCfg = Release|Win32
		{6C493DAE-A5D4-4CF3-8744-8A8B5933F137}.Debug|Win32.Build.0 = Release|Win32
		{6C493DAE-A5D4-4CF3-8744-8A8B5933F137}.Debug|x64.ActiveCfg = Release|x64
		{6C493DAE-A5D4-4CF3-8744-8A8B5933F137}.Debug|x64.Build.0 = Release|x64
		{6C493DAE-A5D4-4CF3-8744-8A8B5933F137}.Release|Mixed Platforms.ActiveCfg = Release|Win32
		{6C493DAE-A5D4-4CF3-8744-8A8B5933F137}.Release|Mixed Platforms.Build.0 = Release|Win32
		{6C493DAE-A5D4-4CF3-8744-8A8B5933F137}.Release|Pocket PC 2003 (ARMV4).ActiveCfg = Release|Win32
		{6C493DAE-A5D4-4CF3-8744-8A8B5933F137}.Release|Win32.ActiveCfg = Release|Win32
		{6C493DAE-A5D4-4CF3-8744-8A8B5933F137}.Release|Win32.Build.0 = Release|Win32
		{6C493DAE-A5D4-4CF3-8744-8A8B5933F137}.Release|x64.ActiveCfg = Release|x64
		{6C493DAE-A5D4-4CF3-8744-8A8B5933F137}.Release|x64.Build.0 = Release|x64
		{6C493DAE-A5D4-4CF3-8744-8A8B5933F137}.Template|Mixed Platforms.ActiveCfg = Release|Win32
		{6C493DAE-A5D4-4CF3-8744-8A8B5933F137}.Template|Mixed Platforms.Build.0 = Release|Win32
		{6C493DAE-A5D4-4CF3-8744-8A8B5933F137}.Template|Pocket PC 2003 (ARMV4).ActiveCfg = Release|x64
		{6C493DAE-A5D4-4CF3-8744-8A8B5933F137}.Template|Pocket PC 2003 (ARMV4).Build.0 = Release|x64
		{6C493DAE-A5D4-4CF3-8744-8A8B5933F137}.Template|Win32.ActiveCfg = Release|Win32
		{6C493DAE-A5D4-4CF3-8744-8A8B5933F137}.Template|Win32.Build.0 = Release|Win32
		{6C493DAE-A5D4-4CF3-8744-8A8B5933F137}.Template|x64.ActiveCfg = Release|x64
		{6C493DAE-A5D4-4CF3-8744-8A8B5933F137}.Template|x64.Build.0 = Release|x64
		{4C2D3900-6CA9-49FA-9549-9B1540506FC5}.Debug|Mixed Platforms.ActiveCfg = Release|Win32
		{4C2D3900-6CA9-49FA-9549-9B1540506FC5}.Debug|Mixed Platforms.Build.0 = Release|Win32
		{4C2D3900-6CA9-49FA-9549-9B1540506FC5}.Debug|Pocket PC 2003 (ARMV4).ActiveCfg = Release|x64
		{4C2D3900-6CA9-49FA-9549-9B1540506FC5}.Debug|Pocket PC 2003 (ARMV4).Build.0 = Release|x64
		{4C2D3900-6CA9-49FA-9549-9B1540506FC5}.Debug|Win32.ActiveCfg = Release|Win32
		{4C2D3900-6CA9-49FA-9549-9B1540506FC5}.Debug|Win32.Build.0 = Release|Win32
		{4C2D3900-6CA9-49FA-9549-9B1540506FC5}.Debug|x64.ActiveCfg = Release|x64
		{4C2D3900-6CA9-49FA-9549-9B1540506FC5}.Debug|x64.Build.0 = Release|x64
		{4C2D3900-6CA9-49FA-9549-9B1540506FC5}.Release|Mixed Platforms.ActiveCfg = Release|Win32
		{4C2D3900-6CA9-49FA-9549-9B1540506FC5}.Release|Mixed Platforms.Build.0 = Release|Win32
		{4C2D3900-6CA9-49FA-9549-9B1540506FC5}.Release|Pocket PC 2003 (ARMV4).ActiveCfg = Release|Win32
		{4C2D3900-6CA9-49FA-9549-9B1540506FC5}.Release|Win32.ActiveCfg = Release|Win32
		{4C2D3900-6CA9-49FA-9549-9B1540506FC5}.Release|Win32.Build.0 = Release|Win32
		{4C2D3900-6CA9-49FA-9549-9B1540506FC5}.Release|x64.ActiveCfg = Release|x64
		{4C2D3900-6CA9-49FA-9549-9B1540506FC5}.Release|x64.Build.0 = Release|x64
		{4C2D3900-6CA9-49FA-9549-9B1540506FC5}.Template|Mixed Platforms.ActiveCfg = Release|Win32
		{4C2D3900-6CA9-49FA-9549-9B1540506FC5}.Template|Mixed Platforms.Build.0 = Release|Win32
		{4C2D3900-6CA9-49FA-9549-9B1540506FC5}.Template|Pocket PC 2003 (ARMV4).ActiveCfg = Release|x64
		{4C2D3900-6CA9-49FA-9549-9B1540506FC5}.Template|Pocket PC 2003 (ARMV4).Build.0 = Release|x64
		{4C2D3900-6CA9-49FA-9549-9B1540506FC5}.Template|Win32.ActiveCfg = Release|Win32
		{4C2D3900-6CA9-49FA-9549-9B1540506FC5}.Template|Win32.Build.0 = Release|Win32
		{4C2D3900-6CA9-49FA-9549-9B1540506FC5}.Template|x64.ActiveCfg = Release|x64
		{4C2D3900-6CA9-49FA-9549-9B1540506FC5}.Template|x64.Build.0 = Release|x64
		{45762600-A8D9-4B5B-A4D8-B22FB82EA0EE}.Debug|Mixed Platforms.ActiveCfg = Release|Win32
		{45762600-A8D9-4B5B-A4D8-B22FB82EA0EE}.Debug|Mixed Platforms.Build.0 = Release|Win32
		{45762600-A8D9-4B5B-A4D8-B22FB82EA0EE}.Debug|Pocket PC 2003 (ARMV4).ActiveCfg = Release|x64
		{45762600-A8D9-4B5B-A4D8-B22FB82EA0EE}.Debug|Pocket PC 2003 (ARMV4).Build.0 = Release|x64
		{45762600-A8D9-4B5B-A4D8-B22FB82EA0EE}.Debug|Win32.ActiveCfg = Release|Win32
		{45762600-A8D9-4B5B-A4D8-B22FB82EA0EE}.Debug|Win32.Build.0 = Release|Win32
		{45762600-A8D9-4B5B-A4D8-B22FB82EA0EE}.Debug|x64.ActiveCfg = Release|x64
		{45762600-A8D9-4B5B-A4D8-B22FB82EA0EE}.Debug|x64.Build.0 = Release|x64
		{45762600-A8D9-4B5B-A4D8-B22FB82EA0EE}.Release|Mixed Platforms.ActiveCfg = Release|Win32
		{45762600-A8D9-4B5B-A4D8-B22FB82EA0EE}.Release|Mixed Platforms.Build.0 = Release|Win32
		{45762600-A8D9-4B5B-A4D8-B22FB82EA0EE}.Release|Pocket PC 2003 (ARMV4).ActiveCfg = Release|Win32
		{45762600-A8D9-4B5B-A4D8-B22FB82EA0EE}.Release|Win32.ActiveCfg = Release|Win32
		{45762600-A8D9-4B5B-A4D8-B22FB82EA0EE}.Release|Win32.Build.0 = Release|Win32
		{45762600-A8D9-4B5B-A4D8-B22FB82EA0EE}.Release|x64.ActiveCfg = Release|x64
		{45762600-A8D9-4B5B-A4D8-B22FB82EA0EE}.Release|x64.Build.0 = Release|x64
		{45762600-A8D9-4B5B-A4D8-B22FB82EA0EE}.Template|Mixed Platforms.ActiveCfg = Release|Win32
		{45762600-A8D9-4B5B-A4D8-B22FB82EA0EE}.Template|Mixed Platforms.Build.0 = Release|Win32
		{45762600-A8D9-4B5B-A4D8-B22FB82EA0EE}.Template|Pocket PC 2003 (ARMV4).ActiveCfg = Release|x64
		{45762600-A8D9-4B5B-A4D8-B22FB82EA0EE}.Template|Pocket PC 2003 (ARMV4).Build.0 = Release|x64
		{45762600-A8D9-4B5B-A4D8-B22FB82EA0EE}.Template|Win32.ActiveCfg = Release|Win32
		{45762600-A8D9-4B5B-A4D8-B22FB82EA0EE}.Template|Win32.Build.0 = Release|Win32
		{45762600-A8D9-4B5B-A4D8-B22FB82EA0EE}.Template|x64.ActiveCfg = Release|x64
		{45762600-A8D9-4B5B-A4D8-B22FB82EA0EE}.Template|x64.Build.0 = Release|x64
		{5925B768-0FB4-45FF-8D67-406B330EDDA2}.Debug|Mixed Platforms.ActiveCfg = Release|Win32
		{5925B768-0FB4-45FF-8D67-406B330EDDA2}.Debug|Mixed Platforms.Build.0 = Release|Win32
		{5925B768-0FB4-45FF-8D67-406B330EDDA2}.Debug|Pocket PC 2003 (ARMV4).ActiveCfg = Release|x64
		{5925B768-0FB4-45FF-8D67-406B330EDDA2}.Debug|Pocket PC 2003 (ARMV4).Build.0 = Release|x64
		{5925B768-0FB4-45FF-8D67-406B330EDDA2}.Debug|Win32.ActiveCfg = Release|Win32
		{5925B768-0FB4-45FF-8D67-406B330EDDA2}.Debug|Win32.Build.0 = Release|Win32
		{5925B768-0FB4-45FF-8D67-406B330EDDA2}.Debug|x64.ActiveCfg = Release|x64
		{5925B768-0FB4-45FF-8D67-406B330EDDA2}.Debug|x64.Build.0 = Release|x64
		{5925B768-0FB4-45FF-8D67-406B330EDDA2}.Release|Mixed Platforms.ActiveCfg = Release|Win32
		{5925B768-0FB4-45FF-8D67-406B330EDDA2}.Release|Mixed Platforms.Build.0 = Release|Win32
		{5925B768-0FB4-45FF-8D67-406B330EDDA2}.Release|Pocket PC 2003 (ARMV4).ActiveCfg = Release|Win32
		{5925B768-0FB4-45FF-8D67-406B330EDDA2}.Release|Win32.ActiveCfg = Release|Win32
		{5925B768-0FB4-45FF-8D67-406B330EDDA2}.Release|Win32.Build.0 = Release|Win32
		{5925B768-0FB4-45FF-8D67-406B330EDDA2}.Release|x64.ActiveCfg = Release|x64
		{5925B768-0FB4-45FF-8D67-406B330EDDA2}.Release|x64.Build.0 = Release|x64
		{5925B768-0FB4-45FF-8D67-406B330EDDA2}.Template|Mixed Platforms.ActiveCfg = Release|Win32
		{5925B768-0FB4-45FF-8D67-406B330EDDA2}.Template|Mixed Platforms.Build.0 = Release|Win32
		{5925B768-0FB4-45FF-8D67-406B330EDDA2}.Template|Pocket PC 2003 (ARMV4).ActiveCfg = Release|x64
		{5925B768-0FB4-45FF-8D67-406B330EDDA2}.Template|Pocket PC 2003 (ARMV4).Build.0 = Release|x64
		{5925B768-0FB4-45FF-8D67-406B330EDDA2}.Template|Win32.ActiveCfg = Release|Win32
		{5925B768-0FB4-45FF-8D67-406B330EDDA2}.Template|Win32.Build.0 = Release|Win32
		{5925B768-0FB4-45FF-8D67-406B330EDDA2}.Template|x64.ActiveCfg = Release|x64
		{5925B768-0FB4-45FF-8D67-406B330EDDA2}.Template|x64.Build.0 = Release|x64
		{07BC8426-47B3-43B6-9BBD-12AEDC7C8AD2}.Debug|Mixed Platforms.ActiveCfg = Release|Win32
		{07BC8426-47B3-43B6-9BBD-12AEDC7C8AD2}.Debug|Mixed Platforms.Build.0 = Release|Win32
		{07BC8426-47B3-43B6-9BBD-12AEDC7C8AD2}.Debug|Pocket PC 2003 (ARMV4).ActiveCfg = Release|x64
		{07BC8426-47B3-43B6-9BBD-12AEDC7C8AD2}.Debug|Pocket PC 2003 (ARMV4).Build.0 = Release|x64
		{07BC8426-47B3-43B6-9BBD-12AEDC7C8AD2}.Debug|Win32.ActiveCfg = Release|Win32
		{07BC8426-47B3-43B6-9BBD-12AEDC7C8AD2}.Debug|Win32.Build.0 = Release|Win32
		{07BC8426-47B3-43B6-9BBD-12AEDC7C8AD2}.Debug|x64.ActiveCfg = Release|x64
		{07BC8426-47B3-43B6-9BBD-12AEDC7C8AD2}.Debug|x64.Build.0 = Release|x64
		{07BC8426-47B3-43B6-9BBD-12AEDC7C8AD2}.Release|Mixed Platforms.ActiveCfg = Release|Win32
		{07BC8426-47B3-43B6-9BBD-12AEDC7C8AD2}.Release|Mixed Platforms.Build.0 = Release|Win32
		{07BC8426-47B3-43B6-9BBD-12AEDC7C8AD2}.Release|Pocket PC 2003 (ARMV4).ActiveCfg = Release|Win32
		{07BC8426-47B3-43B6-9BBD-12AEDC7C8AD2}.Release|Win32.ActiveCfg = Release|Win32
		{07BC8426-47B3-43B6-9BBD-12AEDC7C8AD2}.Release|Win32.Build.0 = Release|Win32
		{07BC8426-47B3-43B6-9BBD-12AEDC7C8AD2}.Release|x64.ActiveCfg = Release|x64
		{07BC8426-47B3-43B6-9BBD-12AEDC7C8AD2}.Release|x64.Build.0 = Release|x64
		{07BC8426-47B3-43B6-9BBD-12AEDC7C8AD2}.Template|Mixed Platforms.ActiveCfg = Release|Win32
		{07BC8426-47B3-43B6-9BBD-12AEDC7C8AD2}.Template|Mixed Platforms.Build.0 = Release|Win32
		{07BC8426-47B3-43B6-9BBD-12AEDC7C8AD2}.Template|Pocket PC 2003 (ARMV4).ActiveCfg = Release|x64
		{07BC8426-47B3-43B6-9BBD-12AEDC7C8AD2}.Template|Pocket PC 2003 (ARMV4).Build.0 = Release|x64
		{07BC8426-47B3-43B6-9BBD-12AEDC7C8AD2}.Template|Win32.ActiveCfg = Release|Win32
		{07BC8426-47B3-43B6-9BBD-12AEDC7C8AD2}.Template|Win32.Build.0 = Release|Win32
		{07BC8426-47B3-43B6-9BBD-12AEDC7C8AD2}.Template|x64.ActiveCfg = Release|x64
		{07BC8426-47B3-43B6-9BBD-12AEDC7C8AD2}.Template|x64.Build.0 = Release|x64
		{1BBB4D09-47FB-44F1-B2FC-5BA3E26A9A57}.Debug|Mixed Platforms.ActiveCfg = Release|Win32
		{1BBB4D09-47FB-44F1-B2FC-5BA3E26A9A57}.Debug|Mixed Platforms.Build.0 = Release|Win32
		{1BBB4D09-47FB-44F1-B2FC-5BA3E26A9A57}.Debug|Pocket PC 2003 (ARMV4).ActiveCfg = Release|x64
		{1BBB4D09-47FB-44F1-B2FC-5BA3E26A9A57}.Debug|Pocket PC 2003 (ARMV4).Build.0 = Release|x64
		{1BBB4D09-47FB-44F1-B2FC-5BA3E26A9A57}.Debug|Win32.ActiveCfg = Release|Win32
		{1BBB4D09-47FB-44F1-B2FC-5BA3E26A9A57}.Debug|Win32.Build.0 = Release|Win32
		{1BBB4D09-47FB-44F1-B2FC-5BA3E26A9A57}.Debug|x64.ActiveCfg = Release|x64
		{1BBB4D09-47FB-44F1-B2FC-5BA3E26A9A57}.Debug|x64.Build.0 = Release|x64
		{1BBB4D09-47FB-44F1-B2FC-5BA3E26A9A57}.Release|Mixed Platforms.ActiveCfg = Release|Win32
		{1BBB4D09-47FB-44F1-B2FC-5BA3E26A9A57}.Release|Mixed Platforms.Build.0 = Release|Win32
		{1BBB4D09-47FB-44F1-B2FC-5BA3E26A9A57}.Release|Pocket PC 2003 (ARMV4).ActiveCfg = Release|Win32
		{1BBB4D09-47FB-44F1-B2FC-5BA3E26A9A57}.Release|Win32.ActiveCfg = Release|Win32
		{1BBB4D09-47FB-44F1-B2FC-5BA3E26A9A57}.Release|Win32.Build.0 = Release|Win32
		{1BBB4D09-47FB-44F1-B2FC-5BA3E26A9A57}.Release|x64.ActiveCfg = Release|x64
		{1BBB4D09-47FB-44F1-B2FC-5BA3E26A9A57}.Release|x64.Build.0 = Release|x64
		{1BBB4D09-47FB-44F1-B2FC-5BA3E26A9A57}.Template|Mixed Platforms.ActiveCfg = Release|Win32
		{1BBB4D09-47FB-44F1-B2FC-5BA3E26A9A57}.Template|Mixed Platforms.Build.0 = Release|Win32
		{1BBB4D09-47FB-44F1-B2FC-5BA3E26A9A57}.Template|Pocket PC 2003 (ARMV4).ActiveCfg = Release|x64
		{1BBB4D09-47FB-44F1-B2FC-5BA3E26A9A57}.Template|Pocket PC 2003 (ARMV4).Build.0 = Release|x64
		{1BBB4D09-47FB-44F1-B2FC-5BA3E26A9A57}.Template|Win32.ActiveCfg = Release|Win32
		{1BBB4D09-47FB-44F1-B2FC-5BA3E26A9A57}.Template|Win32.Build.0 = Release|Win32
		{1BBB4D09-47FB-44F1-B2FC-5BA3E26A9A57}.Template|x64.ActiveCfg = Release|x64
		{1BBB4D09-47FB-44F1-B2FC-5BA3E26A9A57}.Template|x64.Build.0 = Release|x64
		{7758D7E1-C77D-4871-A7BC-5B90D24C26AF}.Debug|Mixed Platforms.ActiveCfg = Release|Win32
		{7758D7E1-C77D-4871-A7BC-5B90D24C26AF}.Debug|Mixed Platforms.Build.0 = Release|Win32
		{7758D7E1-C77D-4871-A7BC-5B90D24C26AF}.Debug|Pocket PC 2003 (ARMV4).ActiveCfg = Release|x64
		{7758D7E1-C77D-4871-A7BC-5B90D24C26AF}.Debug|Pocket PC 2003 (ARMV4).Build.0 = Release|x64
		{7758D7E1-C77D-4871-A7BC-5B90D24C26AF}.Debug|Win32.ActiveCfg = Release|Win32
		{7758D7E1-C77D-4871-A7BC-5B90D24C26AF}.Debug|Win32.Build.0 = Release|Win32
		{7758D7E1-C77D-4871-A7BC-5B90D24C26AF}.Debug|x64.ActiveCfg = Release|x64
		{7758D7E1-C77D-4871-A7BC-5B90D24C26AF}.Debug|x64.Build.0 = Release|x64
		{7758D7E1-C77D-4871-A7BC-5B90D24C26AF}.Release|Mixed Platforms.ActiveCfg = Release|Win32
		{7758D7E1-C77D-4871-A7BC-5B90D24C26AF}.Release|Mixed Platforms.Build.0 = Release|Win32
		{7758D7E1-C77D-4871-A7BC-5B90D24C26AF}.Release|Pocket PC 2003 (ARMV4).ActiveCfg = Release|Win32
		{7758D7E1-C77D-4871-A7BC-5B90D24C26AF}.Release|Win32.ActiveCfg = Release|Win32
		{7758D7E1-C77D-4871-A7BC-5B90D24C26AF}.Release|Win32.Build.0 = Release|Win32
		{7758D7E1-C77D-4871-A7BC-5B90D24C26AF}.Release|x64.ActiveCfg = Release|x64
		{7758D7E1-C77D-4871-A7BC-5B90D24C26AF}.Release|x64.Build.0 = Release|x64
		{7758D7E1-C77D-4871-A7BC-5B90D24C26AF}.Template|Mixed Platforms.ActiveCfg = Release|Win32
		{7758D7E1-C77D-4871-A7BC-5B90D24C26AF}.Template|Mixed Platforms.Build.0 = Release|Win32
		{7758D7E1-C77D-4871-A7BC-5B90D24C26AF}.Template|Pocket PC 2003 (ARMV4).ActiveCfg = Release|x64
		{7758D7E1-C77D-4871-A7BC-5B90D24C26AF}.Template|Pocket PC 2003 (ARMV4).Build.0 = Release|x64
		{7758D7E1-C77D-4871-A7BC-5B90D24C26AF}.Template|Win32.ActiveCfg = Release|Win32
		{7758D7E1-C77D-4871-A7BC-5B90D24C26AF}.Template|Win32.Build.0 = Release|Win32
		{7758D7E1-C77D-4871-A7BC-5B90D24C26AF}.Template|x64.ActiveCfg = Release|x64
		{7758D7E1-C77D-4871-A7BC-5B90D24C26AF}.Template|x64.Build.0 = Release|x64
		{032895DA-F5CE-4448-B55A-DCC49F7B4C78}.Debug|Mixed Platforms.ActiveCfg = Release|Win32
		{032895DA-F5CE-4448-B55A-DCC49F7B4C78}.Debug|Mixed Platforms.Build.0 = Release|Win32
		{032895DA-F5CE-4448-B55A-DCC49F7B4C78}.Debug|Pocket PC 2003 (ARMV4).ActiveCfg = Release|x64
		{032895DA-F5CE-4448-B55A-DCC49F7B4C78}.Debug|Pocket PC 2003 (ARMV4).Build.0 = Release|x64
		{032895DA-F5CE-4448-B55A-DCC49F7B4C78}.Debug|Win32.ActiveCfg = Release|Win32
		{032895DA-F5CE-4448-B55A-DCC49F7B4C78}.Debug|Win32.Build.0 = Release|Win32
		{032895DA-F5CE-4448-B55A-DCC49F7B4C78}.Debug|x64.ActiveCfg = Release|x64
		{032895DA-F5CE-4448-B55A-DCC49F7B4C78}.Debug|x64.Build.0 = Release|x64
		{032895DA-F5CE-4448-B55A-DCC49F7B4C78}.Release|Mixed Platforms.ActiveCfg = Release|Win32
		{032895DA-F5CE-4448-B55A-DCC49F7B4C78}.Release|Mixed Platforms.Build.0 = Release|Win32
		{032895DA-F5CE-4448-B55A-DCC49F7B4C78}.Release|Pocket PC 2003 (ARMV4).ActiveCfg = Release|Win32
		{032895DA-F5CE-4448-B55A-DCC49F7B4C78}.Release|Win32.ActiveCfg = Release|Win32
		{032895DA-F5CE-4448-B55A-DCC49F7B4C78}.Release|Win32.Build.0 = Release|Win32
		{032895DA-F5CE-4448-B55A-DCC49F7B4C78}.Release|x64.ActiveCfg = Release|x64
		{032895DA-F5CE-4448-B55A-DCC49F7B4C78}.Release|x64.Build.0 = Release|x64
		{032895DA-F5CE-4448-B55A-DCC49F7B4C78}.Template|Mixed Platforms.ActiveCfg = Release|Win32
		{032895DA-F5CE-4448-B55A-DCC49F7B4C78}.Template|Mixed Platforms.Build.0 = Release|Win32
		{032895DA-F5CE-4448-B55A-DCC49F7B4C78}.Template|Pocket PC 2003 (ARMV4).ActiveCfg = Release|x64
		{032895DA-F5CE-4448-B55A-DCC49F7B4C78}.Template|Pocket PC 2003 (ARMV4).Build.0 = Release|x64
		{032895DA-F5CE-4448-B55A-DCC49F7B4C78}.Template|Win32.ActiveCfg = Release|Win32
		{032895DA-F5CE-4448-B55A-DCC49F7B4C78}.Template|Win32.Build.0 = Release|Win32
		{032895DA-F5CE-4448-B55A-DCC49F7B4C78}.Template|x64.ActiveCfg = Release|x64
		{032895DA-F5CE-4448-B55A-DCC49F7B4C78}.Template|x64.Build.0 = Release|x64
		{4E6B98A7-119B-4B23-8E50-761482DB167D}.Debug|Mixed Platforms.ActiveCfg = Release|Win32
		{4E6B98A7-119B-4B23-8E50-761482DB167D}.Debug|Mixed Platforms.Build.0 = Release|Win32
		{4E6B98A7-119B-4B23-8E50-761482DB167D}.Debug|Pocket PC 2003 (ARMV4).ActiveCfg = Release|x64
		{4E6B98A7-119B-4B23-8E50-761482DB167D}.Debug|Pocket PC 2003 (ARMV4).Build.0 = Release|x64
		{4E6B98A7-119B-4B23-8E50-761482DB167D}.Debug|Win32.ActiveCfg = Release|Win32
		{4E6B98A7-119B-4B23-8E50-761482DB167D}.Debug|Win32.Build.0 = Release|Win32
		{4E6B98A7-119B-4B23-8E50-761482DB167D}.Debug|x64.ActiveCfg = Release|x64
		{4E6B98A7-119B-4B23-8E50-761482DB167D}.Debug|x64.Build.0 = Release|x64
		{4E6B98A7-119B-4B23-8E50-761482DB167D}.Release|Mixed Platforms.ActiveCfg = Release|Win32
		{4E6B98A7-119B-4B23-8E50-761482DB167D}.Release|Mixed Platforms.Build.0 = Release|Win32
		{4E6B98A7-119B-4B23-8E50-761482DB167D}.Release|Pocket PC 2003 (ARMV4).ActiveCfg = Release|Win32
		{4E6B98A7-119B-4B23-8E50-761482DB167D}.Release|Win32.ActiveCfg = Release|Win32
		{4E6B98A7-119B-4B23-8E50-761482DB167D}.Release|Win32.Build.0 = Release|Win32
		{4E6B98A7-119B-4B23-8E50-761482DB167D}.Release|x64.ActiveCfg = Release|x64
		{4E6B98A7-119B-4B23-8E50-761482DB167D}.Release|x64.Build.0 = Release|x64
		{4E6B98A7-119B-4B23-8E50-761482DB167D}.Template|Mixed Platforms.ActiveCfg = Release|Win32
		{4E6B98A7-119B-4B23-8E50-761482DB167D}.Template|Mixed Platforms.Build.0 = Release|Win32
		{4E6B98A7-119B-4B23-8E50-761482DB167D}.Template|Pocket PC 2003 (ARMV4).ActiveCfg = Release|x64
		{4E6B98A7-119B-4B23-8E50-761482DB167D}.Template|Pocket PC 2003 (ARMV4).Build.0 = Release|x64
		{4E6B98A7-119B-4B23-8E50-761482DB167D}.Template|Win32.ActiveCfg = Release|Win32
		{4E6B98A7-119B-4B23-8E50-761482DB167D}.Template|Win32.Build.0 = Release|Win32
		{4E6B98A7-119B-4B23-8E50-761482DB167D}.Template|x64.ActiveCfg = Release|x64
		{4E6B98A7-119B-4B23-8E50-761482DB167D}.Template|x64.Build.0 = Release|x64
		{8CA38A9F-F431-4DF1-8339-BF00FA42EEE2}.Debug|Mixed Platforms.ActiveCfg = Release|Win32
		{8CA38A9F-F431-4DF1-8339-BF00FA42EEE2}.Debug|Mixed Platforms.Build.0 = Release|Win32
		{8CA38A9F-F431-4DF1-8339-BF00FA42EEE2}.Debug|Pocket PC 2003 (ARMV4).ActiveCfg = Release|x64
		{8CA38A9F-F431-4DF1-8339-BF00FA42EEE2}.Debug|Pocket PC 2003 (ARMV4).Build.0 = Release|x64
		{8CA38A9F-F431-4DF1-8339-BF00FA42EEE2}.Debug|Win32.ActiveCfg = Release|Win32
		{8CA38A9F-F431-4DF1-8339-BF00FA42EEE2}.Debug|Win32.Build.0 = Release|Win32
		{8CA38A9F-F431-4DF1-8339-BF00FA42EEE2}.Debug|x64.ActiveCfg = Release|x64
		{8CA38A9F-F431-4DF1-8339-BF00FA42EEE2}.Debug|x64.Build.0 = Release|x64
		{8CA38A9F-F431-4DF1-8339-BF00FA42EEE2}.Release|Mixed Platforms.ActiveCfg = Release|Win32
		{8CA38A9F-F431-4DF1-8339-BF00FA42EEE2}.Release|Mixed Platforms.Build.0 = Release|Win32
		{8CA38A9F-F431-4DF1-8339-BF00FA42EEE2}.Release|Pocket PC 2003 (ARMV4).ActiveCfg = Release|Win32
		{8CA38A9F-F431-4DF1-8339-BF00FA42EEE2}.Release|Win32.ActiveCfg = Release|Win32
		{8CA38A9F-F431-4DF1-8339-BF00FA42EEE2}.Release|Win32.Build.0 = Release|Win32
		{8CA38A9F-F431-4DF1-8339-BF00FA42EEE2}.Release|x64.ActiveCfg = Release|x64
		{8CA38A9F-F431-4DF1-8339-BF00FA42EEE2}.Release|x64.Build.0 = Release|x64
		{8CA38A9F-F431-4DF1-8339-BF00FA42EEE2}.Template|Mixed Platforms.ActiveCfg = Release|Win32
		{8CA38A9F-F431-4DF1-8339-BF00FA42EEE2}.Template|Mixed Platforms.Build.0 = Release|Win32
		{8CA38A9F-F431-4DF1-8339-BF00FA42EEE2}.Template|Pocket PC 2003 (ARMV4).ActiveCfg = Release|x64
		{8CA38A9F-F431-4DF1-8339-BF00FA42EEE2}.Template|Pocket PC 2003 (ARMV4).Build.0 = Release|x64
		{8CA38A9F-F431-4DF1-8339-BF00FA42EEE2}.Template|Win32.ActiveCfg = Release|Win32
		{8CA38A9F-F431-4DF1-8339-BF00FA42EEE2}.Template|Win32.Build.0 = Release|Win32
		{8CA38A9F-F431-4DF1-8339-BF00FA42EEE2}.Template|x64.ActiveCfg = Release|x64
		{8CA38A9F-F431-4DF1-8339-BF00FA42EEE2}.Template|x64.Build.0 = Release|x64
		{B03B6607-5BDF-462F-B6A0-D36A429A2986}.Debug|Mixed Platforms.ActiveCfg = Debug|Win32
		{B03B6607-5BDF-462F-B6A0-D36A429A2986}.Debug|Mixed Platforms.Build.0 = Debug|Win32
		{B03B6607-5BDF-462F-B6A0-D36A429A2986}.Debug|Pocket PC 2003 (ARMV4).ActiveCfg = Debug|Win32
		{B03B6607-5BDF-462F-B6A0-D36A429A2986}.Debug|Win32.ActiveCfg = Debug|Win32
		{B03B6607-5BDF-462F-B6A0-D36A429A2986}.Debug|Win32.Build.0 = Debug|Win32
		{B03B6607-5BDF-462F-B6A0-D36A429A2986}.Debug|x64.ActiveCfg = Debug|x64
		{B03B6607-5BDF-462F-B6A0-D36A429A2986}.Debug|x64.Build.0 = Debug|x64
		{B03B6607-5BDF-462F-B6A0-D36A429A2986}.Release|Mixed Platforms.ActiveCfg = Release|Win32
		{B03B6607-5BDF-462F-B6A0-D36A429A2986}.Release|Mixed Platforms.Build.0 = Release|Win32
		{B03B6607-5BDF-462F-B6A0-D36A429A2986}.Release|Pocket PC 2003 (ARMV4).ActiveCfg = Release|Win32
		{B03B6607-5BDF-462F-B6A0-D36A429A2986}.Release|Win32.ActiveCfg = Release|Win32
		{B03B6607-5BDF-462F-B6A0-D36A429A2986}.Release|Win32.Build.0 = Release|Win32
		{B03B6607-5BDF-462F-B6A0-D36A429A2986}.Release|x64.ActiveCfg = Release|x64
		{B03B6607-5BDF-462F-B6A0-D36A429A2986}.Release|x64.Build.0 = Release|x64
		{B03B6607-5BDF-462F-B6A0-D36A429A2986}.Template|Mixed Platforms.ActiveCfg = Release|Win32
		{B03B6607-5BDF-462F-B6A0-D36A429A2986}.Template|Mixed Platforms.Build.0 = Release|Win32
		{B03B6607-5BDF-462F-B6A0-D36A429A2986}.Template|Pocket PC 2003 (ARMV4).ActiveCfg = Release|x64
		{B03B6607-5BDF-462F-B6A0-D36A429A2986}.Template|Pocket PC 2003 (ARMV4).Build.0 = Release|x64
		{B03B6607-5BDF-462F-B6A0-D36A429A2986}.Template|Win32.ActiveCfg = Release|Win32
		{B03B6607-5BDF-462F-B6A0-D36A429A2986}.Template|Win32.Build.0 = Release|Win32
		{B03B6607-5BDF-462F-B6A0-D36A429A2986}.Template|x64.ActiveCfg = Release|x64
		{B03B6607-5BDF-462F-B6A0-D36A429A2986}.Template|x64.Build.0 = Release|x64
		{0152A074-7B3F-4616-8C55-90A351846255}.Debug|Mixed Platforms.ActiveCfg = Release|Win32
		{0152A074-7B3F-4616-8C55-90A351846255}.Debug|Mixed Platforms.Build.0 = Release|Win32
		{0152A074-7B3F-4616-8C55-90A351846255}.Debug|Pocket PC 2003 (ARMV4).ActiveCfg = Release|x64
		{0152A074-7B3F-4616-8C55-90A351846255}.Debug|Pocket PC 2003 (ARMV4).Build.0 = Release|x64
		{0152A074-7B3F-4616-8C55-90A351846255}.Debug|Win32.ActiveCfg = Release|Win32
		{0152A074-7B3F-4616-8C55-90A351846255}.Debug|Win32.Build.0 = Release|Win32
		{0152A074-7B3F-4616-8C55-90A351846255}.Debug|x64.ActiveCfg = Release|x64
		{0152A074-7B3F-4616-8C55-90A351846255}.Debug|x64.Build.0 = Release|x64
		{0152A074-7B3F-4616-8C55-90A351846255}.Release|Mixed Platforms.ActiveCfg = Release|Win32
		{0152A074-7B3F-4616-8C55-90A351846255}.Release|Mixed Platforms.Build.0 = Release|Win32
		{0152A074-7B3F-4616-8C55-90A351846255}.Release|Pocket PC 2003 (ARMV4).ActiveCfg = Release|Win32
		{0152A074-7B3F-4616-8C55-90A351846255}.Release|Win32.ActiveCfg = Release|Win32
		{0152A074-7B3F-4616-8C55-90A351846255}.Release|Win32.Build.0 = Release|Win32
		{0152A074-7B3F-4616-8C55-90A351846255}.Release|x64.ActiveCfg = Release|x64
		{0152A074-7B3F-4616-8C55-90A351846255}.Release|x64.Build.0 = Release|x64
		{0152A074-7B3F-4616-8C55-90A351846255}.Template|Mixed Platforms.ActiveCfg = Release|Win32
		{0152A074-7B3F-4616-8C55-90A351846255}.Template|Mixed Platforms.Build.0 = Release|Win32
		{0152A074-7B3F-4616-8C55-90A351846255}.Template|Pocket PC 2003 (ARMV4).ActiveCfg = Release|x64
		{0152A074-7B3F-4616-8C55-90A351846255}.Template|Pocket PC 2003 (ARMV4).Build.0 = Release|x64
		{0152A074-7B3F-4616-8C55-90A351846255}.Template|Win32.ActiveCfg = Release|Win32
		{0152A074-7B3F-4616-8C55-90A351846255}.Template|Win32.Build.0 = Release|Win32
		{0152A074-7B3F-4616-8C55-90A351846255}.Template|x64.ActiveCfg = Release|x64
		{0152A074-7B3F-4616-8C55-90A351846255}.Template|x64.Build.0 = Release|x64
		{3D6AC472-9E87-43B8-AAB1-4D407103147F}.Debug|Mixed Platforms.ActiveCfg = Release|Win32
		{3D6AC472-9E87-43B8-AAB1-4D407103147F}.Debug|Mixed Platforms.Build.0 = Release|Win32
		{3D6AC472-9E87-43B8-AAB1-4D407103147F}.Debug|Pocket PC 2003 (ARMV4).ActiveCfg = Release|x64
		{3D6AC472-9E87-43B8-AAB1-4D407103147F}.Debug|Pocket PC 2003 (ARMV4).Build.0 = Release|x64
		{3D6AC472-9E87-43B8-AAB1-4D407103147F}.Debug|Win32.ActiveCfg = Release|Win32
		{3D6AC472-9E87-43B8-AAB1-4D407103147F}.Debug|Win32.Build.0 = Release|Win32
		{3D6AC472-9E87-43B8-AAB1-4D407103147F}.Debug|x64.ActiveCfg = Release|x64
		{3D6AC472-9E87-43B8-AAB1-4D407103147F}.Debug|x64.Build.0 = Release|x64
		{3D6AC472-9E87-43B8-AAB1-4D407103147F}.Release|Mixed Platforms.ActiveCfg = Release|Win32
		{3D6AC472-9E87-43B8-AAB1-4D407103147F}.Release|Mixed Platforms.Build.0 = Release|Win32
		{3D6AC472-9E87-43B8-AAB1-4D407103147F}.Release|Pocket PC 2003 (ARMV4).ActiveCfg = Release|Win32
		{3D6AC472-9E87-43B8-AAB1-4D407103147F}.Release|Win32.ActiveCfg = Release|Win32
		{3D6AC472-9E87-43B8-AAB1-4D407103147F}.Release|Win32.Build.0 = Release|Win32
		{3D6AC472-9E87-43B8-AAB1-4D407103147F}.Release|x64.ActiveCfg = Release|x64
		{3D6AC472-9E87-43B8-AAB1-4D407103147F}.Release|x64.Build.0 = Release|x64
		{3D6AC472-9E87-43B8-AAB1-4D407103147F}.Template|Mixed Platforms.ActiveCfg = Release|Win32
		{3D6AC472-9E87-43B8-AAB1-4D407103147F}.Template|Mixed Platforms.Build.0 = Release|Win32
		{3D6AC472-9E87-43B8-AAB1-4D407103147F}.Template|Pocket PC 2003 (ARMV4).ActiveCfg = Release|x64
		{3D6AC472-9E87-43B8-AAB1-4D407103147F}.Template|Pocket PC 2003 (ARMV4).Build.0 = Release|x64
		{3D6AC472-9E87-43B8-AAB1-4D407103147F}.Template|Win32.ActiveCfg = Release|Win32
		{3D6AC472-9E87-43B8-AAB1-4D407103147F}.Template|Win32.Build.0 = Release|Win32
		{3D6AC472-9E87-43B8-AAB1-4D407103147F}.Template|x64.ActiveCfg = Release|x64
		{3D6AC472-9E87-43B8-AAB1-4D407103147F}.Template|x64.Build.0 = Release|x64
		{6F544506-BB40-4D7D-A6AF-C96F43D6352C}.Debug|Mixed Platforms.ActiveCfg = Release|Win32
		{6F544506-BB40-4D7D-A6AF-C96F43D6352C}.Debug|Mixed Platforms.Build.0 = Release|Win32
		{6F544506-BB40-4D7D-A6AF-C96F43D6352C}.Debug|Pocket PC 2003 (ARMV4).ActiveCfg = Release|x64
		{6F544506-BB40-4D7D-A6AF-C96F43D6352C}.Debug|Pocket PC 2003 (ARMV4).Build.0 = Release|x64
		{6F544506-BB40-4D7D-A6AF-C96F43D6352C}.Debug|Win32.ActiveCfg = Release|Win32
		{6F544506-BB40-4D7D-A6AF-C96F43D6352C}.Debug|Win32.Build.0 = Release|Win32
		{6F544506-BB40-4D7D-A6AF-C96F43D6352C}.Debug|x64.ActiveCfg = Release|x64
		{6F544506-BB40-4D7D-A6AF-C96F43D6352C}.Debug|x64.Build.0 = Release|x64
		{6F544506-BB40-4D7D-A6AF-C96F43D6352C}.Release|Mixed Platforms.ActiveCfg = Release|Win32
		{6F544506-BB40-4D7D-A6AF-C96F43D6352C}.Release|Mixed Platforms.Build.0 = Release|Win32
		{6F544506-BB40-4D7D-A6AF-C96F43D6352C}.Release|Pocket PC 2003 (ARMV4).ActiveCfg = Release|Win32
		{6F544506-BB40-4D7D-A6AF-C96F43D6352C}.Release|Win32.ActiveCfg = Release|Win32
		{6F544506-BB40-4D7D-A6AF-C96F43D6352C}.Release|Win32.Build.0 = Release|Win32
		{6F544506-BB40-4D7D-A6AF-C96F43D6352C}.Release|x64.ActiveCfg = Release|x64
		{6F544506-BB40-4D7D-A6AF-C96F43D6352C}.Release|x64.Build.0 = Release|x64
		{6F544506-BB40-4D7D-A6AF-C96F43D6352C}.Template|Mixed Platforms.ActiveCfg = Release|Win32
		{6F544506-BB40-4D7D-A6AF-C96F43D6352C}.Template|Mixed Platforms.Build.0 = Release|Win32
		{6F544506-BB40-4D7D-A6AF-C96F43D6352C}.Template|Pocket PC 2003 (ARMV4).ActiveCfg = Release|x64
		{6F544506-BB40-4D7D-A6AF-C96F43D6352C}.Template|Pocket PC 2003 (ARMV4).Build.0 = Release|x64
		{6F544506-BB40-4D7D-A6AF-C96F43D6352C}.Template|Win32.ActiveCfg = Release|Win32
		{6F544506-BB40-4D7D-A6AF-C96F43D6352C}.Template|Win32.Build.0 = Release|Win32
		{6F544506-BB40-4D7D-A6AF-C96F43D6352C}.Template|x64.ActiveCfg = Release|x64
		{6F544506-BB40-4D7D-A6AF-C96F43D6352C}.Template|x64.Build.0 = Release|x64
		{81ED9022-C6A7-4CAF-9102-614F4B1F42F0}.Debug|Mixed Platforms.ActiveCfg = Release|Win32
		{81ED9022-C6A7-4CAF-9102-614F4B1F42F0}.Debug|Mixed Platforms.Build.0 = Release|Win32
		{81ED9022-C6A7-4CAF-9102-614F4B1F42F0}.Debug|Pocket PC 2003 (ARMV4).ActiveCfg = Release|x64
		{81ED9022-C6A7-4CAF-9102-614F4B1F42F0}.Debug|Pocket PC 2003 (ARMV4).Build.0 = Release|x64
		{81ED9022-C6A7-4CAF-9102-614F4B1F42F0}.Debug|Win32.ActiveCfg = Release|Win32
		{81ED9022-C6A7-4CAF-9102-614F4B1F42F0}.Debug|Win32.Build.0 = Release|Win32
		{81ED9022-C6A7-4CAF-9102-614F4B1F42F0}.Debug|x64.ActiveCfg = Release|x64
		{81ED9022-C6A7-4CAF-9102-614F4B1F42F0}.Debug|x64.Build.0 = Release|x64
		{81ED9022-C6A7-4CAF-9102-614F4B1F42F0}.Release|Mixed Platforms.ActiveCfg = Release|Win32
		{81ED9022-C6A7-4CAF-9102-614F4B1F42F0}.Release|Mixed Platforms.Build.0 = Release|Win32
		{81ED9022-C6A7-4CAF-9102-614F4B1F42F0}.Release|Pocket PC 2003 (ARMV4).ActiveCfg = Release|Win32
		{81ED9022-C6A7-4CAF-9102-614F4B1F42F0}.Release|Win32.ActiveCfg = Release|Win32
		{81ED9022-C6A7-4CAF-9102-614F4B1F42F0}.Release|Win32.Build.0 = Release|Win32
		{81ED9022-C6A7-4CAF-9102-614F4B1F42F0}.Release|x64.ActiveCfg = Release|x64
		{81ED9022-C6A7-4CAF-9102-614F4B1F42F0}.Release|x64.Build.0 = Release|x64
		{81ED9022-C6A7-4CAF-9102-614F4B1F42F0}.Template|Mixed Platforms.ActiveCfg = Release|Win32
		{81ED9022-C6A7-4CAF-9102-614F4B1F42F0}.Template|Mixed Platforms.Build.0 = Release|Win32
		{81ED9022-C6A7-4CAF-9102-614F4B1F42F0}.Template|Pocket PC 2003 (ARMV4).ActiveCfg = Release|x64
		{81ED9022-C6A7-4CAF-9102-614F4B1F42F0}.Template|Pocket PC 2003 (ARMV4).Build.0 = Release|x64
		{81ED9022-C6A7-4CAF-9102-614F4B1F42F0}.Template|Win32.ActiveCfg = Release|Win32
		{81ED9022-C6A7-4CAF-9102-614F4B1F42F0}.Template|Win32.Build.0 = Release|Win32
		{81ED9022-C6A7-4CAF-9102-614F4B1F42F0}.Template|x64.ActiveCfg = Release|x64
		{81ED9022-C6A7-4CAF-9102-614F4B1F42F0}.Template|x64.Build.0 = Release|x64
		{482A0606-8657-48EA-A341-1A8AF6A820B7}.Debug|Mixed Platforms.ActiveCfg = Release|Win32
		{482A0606-8657-48EA-A341-1A8AF6A820B7}.Debug|Mixed Platforms.Build.0 = Release|Win32
		{482A0606-8657-48EA-A341-1A8AF6A820B7}.Debug|Pocket PC 2003 (ARMV4).ActiveCfg = Release|x64
		{482A0606-8657-48EA-A341-1A8AF6A820B7}.Debug|Pocket PC 2003 (ARMV4).Build.0 = Release|x64
		{482A0606-8657-48EA-A341-1A8AF6A820B7}.Debug|Win32.ActiveCfg = Release|Win32
		{482A0606-8657-48EA-A341-1A8AF6A820B7}.Debug|Win32.Build.0 = Release|Win32
		{482A0606-8657-48EA-A341-1A8AF6A820B7}.Debug|x64.ActiveCfg = Release|x64
		{482A0606-8657-48EA-A341-1A8AF6A820B7}.Debug|x64.Build.0 = Release|x64
		{482A0606-8657-48EA-A341-1A8AF6A820B7}.Release|Mixed Platforms.ActiveCfg = Release|Win32
		{482A0606-8657-48EA-A341-1A8AF6A820B7}.Release|Mixed Platforms.Build.0 = Release|Win32
		{482A0606-8657-48EA-A341-1A8AF6A820B7}.Release|Pocket PC 2003 (ARMV4).ActiveCfg = Release|Win32
		{482A0606-8657-48EA-A341-1A8AF6A820B7}.Release|Win32.ActiveCfg = Release|Win32
		{482A0606-8657-48EA-A341-1A8AF6A820B7}.Release|Win32.Build.0 = Release|Win32
		{482A0606-8657-48EA-A341-1A8AF6A820B7}.Release|x64.ActiveCfg = Release|x64
		{482A0606-8657-48EA-A341-1A8AF6A820B7}.Release|x64.Build.0 = Release|x64
		{482A0606-8657-48EA-A341-1A8AF6A820B7}.Template|Mixed Platforms.ActiveCfg = Release|Win32
		{482A0606-8657-48EA-A341-1A8AF6A820B7}.Template|Mixed Platforms.Build.0 = Release|Win32
		{482A0606-8657-48EA-A341-1A8AF6A820B7}.Template|Pocket PC 2003 (ARMV4).ActiveCfg = Release|x64
		{482A0606-8657-48EA-A341-1A8AF6A820B7}.Template|Pocket PC 2003 (ARMV4).Build.0 = Release|x64
		{482A0606-8657-48EA-A341-1A8AF6A820B7}.Template|Win32.ActiveCfg = Release|Win32
		{482A0606-8657-48EA-A341-1A8AF6A820B7}.Template|Win32.Build.0 = Release|Win32
		{482A0606-8657-48EA-A341-1A8AF6A820B7}.Template|x64.ActiveCfg = Release|x64
		{482A0606-8657-48EA-A341-1A8AF6A820B7}.Template|x64.Build.0 = Release|x64
		{6930FEEA-23D0-4464-9F50-73245E3BD008}.Debug|Mixed Platforms.ActiveCfg = Release|Win32
		{6930FEEA-23D0-4464-9F50-73245E3BD008}.Debug|Mixed Platforms.Build.0 = Release|Win32
		{6930FEEA-23D0-4464-9F50-73245E3BD008}.Debug|Pocket PC 2003 (ARMV4).ActiveCfg = Release|x64
		{6930FEEA-23D0-4464-9F50-73245E3BD008}.Debug|Pocket PC 2003 (ARMV4).Build.0 = Release|x64
		{6930FEEA-23D0-4464-9F50-73245E3BD008}.Debug|Win32.ActiveCfg = Release|Win32
		{6930FEEA-23D0-4464-9F50-73245E3BD008}.Debug|Win32.Build.0 = Release|Win32
		{6930FEEA-23D0-4464-9F50-73245E3BD008}.Debug|x64.ActiveCfg = Release|x64
		{6930FEEA-23D0-4464-9F50-73245E3BD008}.Debug|x64.Build.0 = Release|x64
		{6930FEEA-23D0-4464-9F50-73245E3BD008}.Release|Mixed Platforms.ActiveCfg = Release|Win32
		{6930FEEA-23D0-4464-9F50-73245E3BD008}.Release|Mixed Platforms.Build.0 = Release|Win32
		{6930FEEA-23D0-4464-9F50-73245E3BD008}.Release|Pocket PC 2003 (ARMV4).ActiveCfg = Release|Win32
		{6930FEEA-23D0-4464-9F50-73245E3BD008}.Release|Win32.ActiveCfg = Release|Win32
		{6930FEEA-23D0-4464-9F50-73245E3BD008}.Release|Win32.Build.0 = Release|Win32
		{6930FEEA-23D0-4464-9F50-73245E3BD008}.Release|x64.ActiveCfg = Release|x64
		{6930FEEA-23D0-4464-9F50-73245E3BD008}.Release|x64.Build.0 = Release|x64
		{6930FEEA-23D0-4464-9F50-73245E3BD008}.Template|Mixed Platforms.ActiveCfg = Release|Win32
		{6930FEEA-23D0-4464-9F50-73245E3BD008}.Template|Mixed Platforms.Build.0 = Release|Win32
		{6930FEEA-23D0-4464-9F50-73245E3BD008}.Template|Pocket PC 2003 (ARMV4).ActiveCfg = Release|x64
		{6930FEEA-23D0-4464-9F50-73245E3BD008}.Template|Pocket PC 2003 (ARMV4).Build.0 = Release|x64
		{6930FEEA-23D0-4464-9F50-73245E3BD008}.Template|Win32.ActiveCfg = Release|Win32
		{6930FEEA-23D0-4464-9F50-73245E3BD008}.Template|Win32.Build.0 = Release|Win32
		{6930FEEA-23D0-4464-9F50-73245E3BD008}.Template|x64.ActiveCfg = Release|x64
		{6930FEEA-23D0-4464-9F50-73245E3BD008}.Template|x64.Build.0 = Release|x64
		{B0B64617-BC0A-4948-84BE-FD23EE1E4356}.Debug|Mixed Platforms.ActiveCfg = Debug|Win32
		{B0B64617-BC0A-4948-84BE-FD23EE1E4356}.Debug|Mixed Platforms.Build.0 = Debug|Win32
		{B0B64617-BC0A-4948-84BE-FD23EE1E4356}.Debug|Pocket PC 2003 (ARMV4).ActiveCfg = Debug|Win32
		{B0B64617-BC0A-4948-84BE-FD23EE1E4356}.Debug|Win32.ActiveCfg = Debug|Win32
		{B0B64617-BC0A-4948-84BE-FD23EE1E4356}.Debug|Win32.Build.0 = Debug|Win32
		{B0B64617-BC0A-4948-84BE-FD23EE1E4356}.Debug|x64.ActiveCfg = Debug|x64
		{B0B64617-BC0A-4948-84BE-FD23EE1E4356}.Debug|x64.Build.0 = Debug|x64
		{B0B64617-BC0A-4948-84BE-FD23EE1E4356}.Release|Mixed Platforms.ActiveCfg = Release|Win32
		{B0B64617-BC0A-4948-84BE-FD23EE1E4356}.Release|Mixed Platforms.Build.0 = Release|Win32
		{B0B64617-BC0A-4948-84BE-FD23EE1E4356}.Release|Pocket PC 2003 (ARMV4).ActiveCfg = Release|Win32
		{B0B64617-BC0A-4948-84BE-FD23EE1E4356}.Release|Win32.ActiveCfg = Release|Win32
		{B0B64617-BC0A-4948-84BE-FD23EE1E4356}.Release|Win32.Build.0 = Release|Win32
		{B0B64617-BC0A-4948-84BE-FD23EE1E4356}.Release|x64.ActiveCfg = Release|x64
		{B0B64617-BC0A-4948-84BE-FD23EE1E4356}.Release|x64.Build.0 = Release|x64
		{B0B64617-BC0A-4948-84BE-FD23EE1E4356}.Template|Mixed Platforms.ActiveCfg = Release|Win32
		{B0B64617-BC0A-4948-84BE-FD23EE1E4356}.Template|Mixed Platforms.Build.0 = Release|Win32
		{B0B64617-BC0A-4948-84BE-FD23EE1E4356}.Template|Pocket PC 2003 (ARMV4).ActiveCfg = Release|x64
		{B0B64617-BC0A-4948-84BE-FD23EE1E4356}.Template|Pocket PC 2003 (ARMV4).Build.0 = Release|x64
		{B0B64617-BC0A-4948-84BE-FD23EE1E4356}.Template|Win32.ActiveCfg = Release|Win32
		{B0B64617-BC0A-4948-84BE-FD23EE1E4356}.Template|Win32.Build.0 = Release|Win32
		{B0B64617-BC0A-4948-84BE-FD23EE1E4356}.Template|x64.ActiveCfg = Release|x64
		{B0B64617-BC0A-4948-84BE-FD23EE1E4356}.Template|x64.Build.0 = Release|x64
	EndGlobalSection
	GlobalSection(SolutionProperties) = preSolution
		HideSolutionNode = FALSE
	EndGlobalSection
EndGlobal
