Microsoft Visual Studio Solution File, Format Version 12.00
# Visual Studio 14
VisualStudioVersion = 14.0.23107.0
MinimumVisualStudioVersion = 10.0.40219.1
Project("{8BC9CEB8-8B4A-11D0-8D11-00A0C91BC942}") = "Update Customer", "..\Update Customer\Update Customer.vcxproj", "{1C861363-EF3B-4451-9D9A-1837E66CE550}"
	ProjectSection(ProjectDependencies) = postProject
		{B0B64617-BC0A-4948-84BE-FD23EE1E4356} = {B0B64617-BC0A-4948-84BE-FD23EE1E4356}
	EndProjectSection
EndProject
Project("{8BC9CEB8-8B4A-11D0-8D11-00A0C91BC942}") = "Quick Hoist Snap", "..\..\Timeway\Quick Hoist Snap\Quick Hoist Snap.vcxproj", "{8045F160-A5D7-4048-8C7B-94B6067EF26A}"
	ProjectSection(ProjectDependencies) = postProject
		{B0B64617-BC0A-4948-84BE-FD23EE1E4356} = {B0B64617-BC0A-4948-84BE-FD23EE1E4356}
	EndProjectSection
EndProject
Project("{8BC9CEB8-8B4A-11D0-8D11-00A0C91BC942}") = "Define", "..\..\Define\Define.vcxproj", "{0152A074-7B3F-4616-8C55-90A351846255}"
	ProjectSection(ProjectDependencies) = postProject
		{B0B64617-BC0A-4948-84BE-FD23EE1E4356} = {B0B64617-BC0A-4948-84BE-FD23EE1E4356}
	EndProjectSection
EndProject
Project("{8BC9CEB8-8B4A-11D0-8D11-00A0C91BC942}") = "Trend", "..\..\Trend\Trend.vcxproj", "{3D6AC472-9E87-43B8-AAB1-4D407103147F}"
	ProjectSection(ProjectDependencies) = postProject
		{B0B64617-BC0A-4948-84BE-FD23EE1E4356} = {B0B64617-BC0A-4948-84BE-FD23EE1E4356}
	EndProjectSection
EndProject
Project("{8BC9CEB8-8B4A-11D0-8D11-00A0C91BC942}") = "Rectifier", "..\..\Rectifier\Rectifier.vcxproj", "{6F544506-BB40-4D7D-A6AF-C96F43D6352C}"
	ProjectSection(ProjectDependencies) = postProject
		{B0B64617-BC0A-4948-84BE-FD23EE1E4356} = {B0B64617-BC0A-4948-84BE-FD23EE1E4356}
	EndProjectSection
EndProject
Project("{8BC9CEB8-8B4A-11D0-8D11-00A0C91BC942}") = "Show Line", "..\..\Show Line\Show Line.vcxproj", "{482A0606-8657-48EA-A341-1A8AF6A820B7}"
	ProjectSection(ProjectDependencies) = postProject
		{B0B64617-BC0A-4948-84BE-FD23EE1E4356} = {B0B64617-BC0A-4948-84BE-FD23EE1E4356}
	EndProjectSection
EndProject
Project("{8BC9CEB8-8B4A-11D0-8D11-00A0C91BC942}") = "Snap", "..\..\Snap\Snap.vcxproj", "{6930FEEA-23D0-4464-9F50-73245E3BD008}"
	ProjectSection(ProjectDependencies) = postProject
		{B0B64617-BC0A-4948-84BE-FD23EE1E4356} = {B0B64617-BC0A-4948-84BE-FD23EE1E4356}
	EndProjectSection
EndProject
Project("{8BC9CEB8-8B4A-11D0-8D11-00A0C91BC942}") = "Linetec 2 Bath", "..\..\Linetec Common\Bath\Linetec 2 Bath.vcxproj", "{4FC58961-D062-4307-9D10-1640DEDC0803}"
	ProjectSection(ProjectDependencies) = postProject
		{B0B64617-BC0A-4948-84BE-FD23EE1E4356} = {B0B64617-BC0A-4948-84BE-FD23EE1E4356}
	EndProjectSection
EndProject
Project("{8BC9CEB8-8B4A-11D0-8D11-00A0C91BC942}") = "Linetec 2 Color", "..\..\Linetec Common\Color\Linetec 2 Color.vcxproj", "{4FCEC843-342E-4F74-9544-54BDB0B66AC9}"
	ProjectSection(ProjectDependencies) = postProject
		{B0B64617-BC0A-4948-84BE-FD23EE1E4356} = {B0B64617-BC0A-4948-84BE-FD23EE1E4356}
	EndProjectSection
EndProject
Project("{8BC9CEB8-8B4A-11D0-8D11-00A0C91BC942}") = "Linetec 2 Manager", "..\..\Linetec Common\Manager\Linetec 2 Manager.vcxproj", "{F63D59D5-2CF6-4A41-A105-941725E64633}"
	ProjectSection(ProjectDependencies) = postProject
		{B0B64617-BC0A-4948-84BE-FD23EE1E4356} = {B0B64617-BC0A-4948-84BE-FD23EE1E4356}
	EndProjectSection
EndProject
Project("{8BC9CEB8-8B4A-11D0-8D11-00A0C91BC942}") = "Linetec 2 Operator", "..\..\Linetec Common\Operator\Linetec 2 Operator.vcxproj", "{8A4EA07E-5FB9-408A-AF6A-380F91A1E04F}"
	ProjectSection(ProjectDependencies) = postProject
		{B0B64617-BC0A-4948-84BE-FD23EE1E4356} = {B0B64617-BC0A-4948-84BE-FD23EE1E4356}
	EndProjectSection
EndProject
Project("{8BC9CEB8-8B4A-11D0-8D11-00A0C91BC942}") = "Linetec Common", "..\..\Linetec Common\Linetec Common\Linetec Common.vcxproj", "{AAA3B22E-787B-4839-A25F-02823775BE43}"
	ProjectSection(ProjectDependencies) = postProject
		{B0B64617-BC0A-4948-84BE-FD23EE1E4356} = {B0B64617-BC0A-4948-84BE-FD23EE1E4356}
	EndProjectSection
EndProject
Project("{8BC9CEB8-8B4A-11D0-8D11-00A0C91BC942}") = "Linetec 2 Timeway", "..\..\Linetec Common\Timeway\Linetec 2 Timeway.vcxproj", "{232D6205-7ADC-41CC-9A2C-7393401C53F6}"
	ProjectSection(ProjectDependencies) = postProject
		{B0B64617-BC0A-4948-84BE-FD23EE1E4356} = {B0B64617-BC0A-4948-84BE-FD23EE1E4356}
	EndProjectSection
EndProject
Project("{8BC9CEB8-8B4A-11D0-8D11-00A0C91BC942}") = "Digital Motion", "..\..\Timeway\Digital Motion\Digital Motion.vcxproj", "{B54C427C-3F5F-45CA-988B-00112FD82C88}"
	ProjectSection(ProjectDependencies) = postProject
		{B0B64617-BC0A-4948-84BE-FD23EE1E4356} = {B0B64617-BC0A-4948-84BE-FD23EE1E4356}
	EndProjectSection
EndProject
Project("{8BC9CEB8-8B4A-11D0-8D11-00A0C91BC942}") = "Quick Plate", "..\..\Library\Quick Plate.vcxproj", "{B0B64617-BC0A-4948-84BE-FD23EE1E4356}"
EndProject
Global
	GlobalSection(SolutionConfigurationPlatforms) = preSolution
		Debug|Mixed Platforms = Debug|Mixed Platforms
		Debug|Pocket PC 2003 (ARMV4) = Debug|Pocket PC 2003 (ARMV4)
		Debug|Win32 = Debug|Win32
		Debug|x64 = Debug|x64
		Release|Mixed Platforms = Release|Mixed Platforms
		Release|Pocket PC 2003 (ARMV4) = Release|Pocket PC 2003 (ARMV4)
		Release|Win32 = Release|Win32
		Release|x64 = Release|x64
		Template|Mixed Platforms = Template|Mixed Platforms
		Template|Pocket PC 2003 (ARMV4) = Template|Pocket PC 2003 (ARMV4)
		Template|Win32 = Template|Win32
		Template|x64 = Template|x64
	EndGlobalSection
	GlobalSection(ProjectConfigurationPlatforms) = postSolution
		{1C861363-EF3B-4451-9D9A-1837E66CE550}.Debug|Mixed Platforms.ActiveCfg = Release|Win32
		{1C861363-EF3B-4451-9D9A-1837E66CE550}.Debug|Mixed Platforms.Build.0 = Release|Win32
		{1C861363-EF3B-4451-9D9A-1837E66CE550}.Debug|Pocket PC 2003 (ARMV4).ActiveCfg = Release|x64
		{1C861363-EF3B-4451-9D9A-1837E66CE550}.Debug|Win32.ActiveCfg = Release|x64
		{1C861363-EF3B-4451-9D9A-1837E66CE550}.Debug|x64.ActiveCfg = Release|x64
		{1C861363-EF3B-4451-9D9A-1837E66CE550}.Debug|x64.Build.0 = Release|x64
		{1C861363-EF3B-4451-9D9A-1837E66CE550}.Release|Mixed Platforms.ActiveCfg = Release|Win32
		{1C861363-EF3B-4451-9D9A-1837E66CE550}.Release|Mixed Platforms.Build.0 = Release|Win32
		{1C861363-EF3B-4451-9D9A-1837E66CE550}.Release|Pocket PC 2003 (ARMV4).ActiveCfg = Release|x64
		{1C861363-EF3B-4451-9D9A-1837E66CE550}.Release|Win32.ActiveCfg = Release|Win32
		{1C861363-EF3B-4451-9D9A-1837E66CE550}.Release|Win32.Build.0 = Release|Win32
		{1C861363-EF3B-4451-9D9A-1837E66CE550}.Release|x64.ActiveCfg = Release|x64
		{1C861363-EF3B-4451-9D9A-1837E66CE550}.Release|x64.Build.0 = Release|x64
		{1C861363-EF3B-4451-9D9A-1837E66CE550}.Template|Mixed Platforms.ActiveCfg = Release|Win32
		{1C861363-EF3B-4451-9D9A-1837E66CE550}.Template|Mixed Platforms.Build.0 = Release|Win32
		{1C861363-EF3B-4451-9D9A-1837E66CE550}.Template|Pocket PC 2003 (ARMV4).ActiveCfg = Release|x64
		{1C861363-EF3B-4451-9D9A-1837E66CE550}.Template|Win32.ActiveCfg = Release|x64
		{1C861363-EF3B-4451-9D9A-1837E66CE550}.Template|x64.ActiveCfg = Release|x64
		{1C861363-EF3B-4451-9D9A-1837E66CE550}.Template|x64.Build.0 = Release|x64
		{8045F160-A5D7-4048-8C7B-94B6067EF26A}.Debug|Mixed Platforms.ActiveCfg = Debug|Win32
		{8045F160-A5D7-4048-8C7B-94B6067EF26A}.Debug|Mixed Platforms.Build.0 = Debug|Win32
		{8045F160-A5D7-4048-8C7B-94B6067EF26A}.Debug|Pocket PC 2003 (ARMV4).ActiveCfg = Debug|Win32
		{8045F160-A5D7-4048-8C7B-94B6067EF26A}.Debug|Win32.ActiveCfg = Debug|Win32
		{8045F160-A5D7-4048-8C7B-94B6067EF26A}.Debug|Win32.Build.0 = Debug|Win32
		{8045F160-A5D7-4048-8C7B-94B6067EF26A}.Debug|x64.ActiveCfg = Debug|Win32
		{8045F160-A5D7-4048-8C7B-94B6067EF26A}.Release|Mixed Platforms.ActiveCfg = Release|Win32
		{8045F160-A5D7-4048-8C7B-94B6067EF26A}.Release|Mixed Platforms.Build.0 = Release|Win32
		{8045F160-A5D7-4048-8C7B-94B6067EF26A}.Release|Pocket PC 2003 (ARMV4).ActiveCfg = Release|Win32
		{8045F160-A5D7-4048-8C7B-94B6067EF26A}.Release|Win32.ActiveCfg = Release|Win32
		{8045F160-A5D7-4048-8C7B-94B6067EF26A}.Release|Win32.Build.0 = Release|Win32
		{8045F160-A5D7-4048-8C7B-94B6067EF26A}.Release|x64.ActiveCfg = Release|x64
		{8045F160-A5D7-4048-8C7B-94B6067EF26A}.Release|x64.Build.0 = Release|x64
		{8045F160-A5D7-4048-8C7B-94B6067EF26A}.Template|Mixed Platforms.ActiveCfg = Release|Win32
		{8045F160-A5D7-4048-8C7B-94B6067EF26A}.Template|Mixed Platforms.Build.0 = Release|Win32
		{8045F160-A5D7-4048-8C7B-94B6067EF26A}.Template|Pocket PC 2003 (ARMV4).ActiveCfg = Release|Win32
		{8045F160-A5D7-4048-8C7B-94B6067EF26A}.Template|Win32.ActiveCfg = Release|Win32
		{8045F160-A5D7-4048-8C7B-94B6067EF26A}.Template|Win32.Build.0 = Release|Win32
		{8045F160-A5D7-4048-8C7B-94B6067EF26A}.Template|x64.ActiveCfg = Release|Win32
		{0152A074-7B3F-4616-8C55-90A351846255}.Debug|Mixed Platforms.ActiveCfg = Release|Win32
		{0152A074-7B3F-4616-8C55-90A351846255}.Debug|Mixed Platforms.Build.0 = Release|Win32
		{0152A074-7B3F-4616-8C55-90A351846255}.Debug|Pocket PC 2003 (ARMV4).ActiveCfg = Release|x64
		{0152A074-7B3F-4616-8C55-90A351846255}.Debug|Pocket PC 2003 (ARMV4).Build.0 = Release|x64
		{0152A074-7B3F-4616-8C55-90A351846255}.Debug|Win32.ActiveCfg = Release|Win32
		{0152A074-7B3F-4616-8C55-90A351846255}.Debug|Win32.Build.0 = Release|Win32
		{0152A074-7B3F-4616-8C55-90A351846255}.Debug|x64.ActiveCfg = Release|x64
		{0152A074-7B3F-4616-8C55-90A351846255}.Debug|x64.Build.0 = Release|x64
		{0152A074-7B3F-4616-8C55-90A351846255}.Release|Mixed Platforms.ActiveCfg = Release|Win32
		{0152A074-7B3F-4616-8C55-90A351846255}.Release|Mixed Platforms.Build.0 = Release|Win32
		{0152A074-7B3F-4616-8C55-90A351846255}.Release|Pocket PC 2003 (ARMV4).ActiveCfg = Release|Win32
		{0152A074-7B3F-4616-8C55-90A351846255}.Release|Win32.ActiveCfg = Release|Win32
		{0152A074-7B3F-4616-8C55-90A351846255}.Release|Win32.Build.0 = Release|Win32
		{0152A074-7B3F-4616-8C55-90A351846255}.Release|x64.ActiveCfg = Release|x64
		{0152A074-7B3F-4616-8C55-90A351846255}.Release|x64.Build.0 = Release|x64
		{0152A074-7B3F-4616-8C55-90A351846255}.Template|Mixed Platforms.ActiveCfg = Release|Win32
		{0152A074-7B3F-4616-8C55-90A351846255}.Template|Mixed Platforms.Build.0 = Release|Win32
		{0152A074-7B3F-4616-8C55-90A351846255}.Template|Pocket PC 2003 (ARMV4).ActiveCfg = Release|x64
		{0152A074-7B3F-4616-8C55-90A351846255}.Template|Pocket PC 2003 (ARMV4).Build.0 = Release|x64
		{0152A074-7B3F-4616-8C55-90A351846255}.Template|Win32.ActiveCfg = Release|Win32
		{0152A074-7B3F-4616-8C55-90A351846255}.Template|Win32.Build.0 = Release|Win32
		{0152A074-7B3F-4616-8C55-90A351846255}.Template|x64.ActiveCfg = Release|x64
		{0152A074-7B3F-4616-8C55-90A351846255}.Template|x64.Build.0 = Release|x64
		{3D6AC472-9E87-43B8-AAB1-4D407103147F}.Debug|Mixed Platforms.ActiveCfg = Release|Win32
		{3D6AC472-9E87-43B8-AAB1-4D407103147F}.Debug|Mixed Platforms.Build.0 = Release|Win32
		{3D6AC472-9E87-43B8-AAB1-4D407103147F}.Debug|Pocket PC 2003 (ARMV4).ActiveCfg = Release|x64
		{3D6AC472-9E87-43B8-AAB1-4D407103147F}.Debug|Pocket PC 2003 (ARMV4).Build.0 = Release|x64
		{3D6AC472-9E87-43B8-AAB1-4D407103147F}.Debug|Win32.ActiveCfg = Release|Win32
		{3D6AC472-9E87-43B8-AAB1-4D407103147F}.Debug|Win32.Build.0 = Release|Win32
		{3D6AC472-9E87-43B8-AAB1-4D407103147F}.Debug|x64.ActiveCfg = Release|x64
		{3D6AC472-9E87-43B8-AAB1-4D407103147F}.Debug|x64.Build.0 = Release|x64
		{3D6AC472-9E87-43B8-AAB1-4D407103147F}.Release|Mixed Platforms.ActiveCfg = Release|Win32
		{3D6AC472-9E87-43B8-AAB1-4D407103147F}.Release|Mixed Platforms.Build.0 = Release|Win32
		{3D6AC472-9E87-43B8-AAB1-4D407103147F}.Release|Pocket PC 2003 (ARMV4).ActiveCfg = Release|Win32
		{3D6AC472-9E87-43B8-AAB1-4D407103147F}.Release|Win32.ActiveCfg = Release|Win32
		{3D6AC472-9E87-43B8-AAB1-4D407103147F}.Release|Win32.Build.0 = Release|Win32
		{3D6AC472-9E87-43B8-AAB1-4D407103147F}.Release|x64.ActiveCfg = Release|x64
		{3D6AC472-9E87-43B8-AAB1-4D407103147F}.Release|x64.Build.0 = Release|x64
		{3D6AC472-9E87-43B8-AAB1-4D407103147F}.Template|Mixed Platforms.ActiveCfg = Release|Win32
		{3D6AC472-9E87-43B8-AAB1-4D407103147F}.Template|Mixed Platforms.Build.0 = Release|Win32
		{3D6AC472-9E87-43B8-AAB1-4D407103147F}.Template|Pocket PC 2003 (ARMV4).ActiveCfg = Release|x64
		{3D6AC472-9E87-43B8-AAB1-4D407103147F}.Template|Pocket PC 2003 (ARMV4).Build.0 = Release|x64
		{3D6AC472-9E87-43B8-AAB1-4D407103147F}.Template|Win32.ActiveCfg = Release|Win32
		{3D6AC472-9E87-43B8-AAB1-4D407103147F}.Template|Win32.Build.0 = Release|Win32
		{3D6AC472-9E87-43B8-AAB1-4D407103147F}.Template|x64.ActiveCfg = Release|x64
		{3D6AC472-9E87-43B8-AAB1-4D407103147F}.Template|x64.Build.0 = Release|x64
		{6F544506-BB40-4D7D-A6AF-C96F43D6352C}.Debug|Mixed Platforms.ActiveCfg = Release|Win32
		{6F544506-BB40-4D7D-A6AF-C96F43D6352C}.Debug|Mixed Platforms.Build.0 = Release|Win32
		{6F544506-BB40-4D7D-A6AF-C96F43D6352C}.Debug|Pocket PC 2003 (ARMV4).ActiveCfg = Release|x64
		{6F544506-BB40-4D7D-A6AF-C96F43D6352C}.Debug|Pocket PC 2003 (ARMV4).Build.0 = Release|x64
		{6F544506-BB40-4D7D-A6AF-C96F43D6352C}.Debug|Win32.ActiveCfg = Release|Win32
		{6F544506-BB40-4D7D-A6AF-C96F43D6352C}.Debug|Win32.Build.0 = Release|Win32
		{6F544506-BB40-4D7D-A6AF-C96F43D6352C}.Debug|x64.ActiveCfg = Release|x64
		{6F544506-BB40-4D7D-A6AF-C96F43D6352C}.Debug|x64.Build.0 = Release|x64
		{6F544506-BB40-4D7D-A6AF-C96F43D6352C}.Release|Mixed Platforms.ActiveCfg = Release|Win32
		{6F544506-BB40-4D7D-A6AF-C96F43D6352C}.Release|Mixed Platforms.Build.0 = Release|Win32
		{6F544506-BB40-4D7D-A6AF-C96F43D6352C}.Release|Pocket PC 2003 (ARMV4).ActiveCfg = Release|Win32
		{6F544506-BB40-4D7D-A6AF-C96F43D6352C}.Release|Win32.ActiveCfg = Release|Win32
		{6F544506-BB40-4D7D-A6AF-C96F43D6352C}.Release|Win32.Build.0 = Release|Win32
		{6F544506-BB40-4D7D-A6AF-C96F43D6352C}.Release|x64.ActiveCfg = Release|x64
		{6F544506-BB40-4D7D-A6AF-C96F43D6352C}.Release|x64.Build.0 = Release|x64
		{6F544506-BB40-4D7D-A6AF-C96F43D6352C}.Template|Mixed Platforms.ActiveCfg = Release|Win32
		{6F544506-BB40-4D7D-A6AF-C96F43D6352C}.Template|Mixed Platforms.Build.0 = Release|Win32
		{6F544506-BB40-4D7D-A6AF-C96F43D6352C}.Template|Pocket PC 2003 (ARMV4).ActiveCfg = Release|x64
		{6F544506-BB40-4D7D-A6AF-C96F43D6352C}.Template|Pocket PC 2003 (ARMV4).Build.0 = Release|x64
		{6F544506-BB40-4D7D-A6AF-C96F43D6352C}.Template|Win32.ActiveCfg = Release|Win32
		{6F544506-BB40-4D7D-A6AF-C96F43D6352C}.Template|Win32.Build.0 = Release|Win32
		{6F544506-BB40-4D7D-A6AF-C96F43D6352C}.Template|x64.ActiveCfg = Release|x64
		{6F544506-BB40-4D7D-A6AF-C96F43D6352C}.Template|x64.Build.0 = Release|x64
		{482A0606-8657-48EA-A341-1A8AF6A820B7}.Debug|Mixed Platforms.ActiveCfg = Release|Win32
		{482A0606-8657-48EA-A341-1A8AF6A820B7}.Debug|Mixed Platforms.Build.0 = Release|Win32
		{482A0606-8657-48EA-A341-1A8AF6A820B7}.Debug|Pocket PC 2003 (ARMV4).ActiveCfg = Release|x64
		{482A0606-8657-48EA-A341-1A8AF6A820B7}.Debug|Pocket PC 2003 (ARMV4).Build.0 = Release|x64
		{482A0606-8657-48EA-A341-1A8AF6A820B7}.Debug|Win32.ActiveCfg = Release|Win32
		{482A0606-8657-48EA-A341-1A8AF6A820B7}.Debug|Win32.Build.0 = Release|Win32
		{482A0606-8657-48EA-A341-1A8AF6A820B7}.Debug|x64.ActiveCfg = Release|x64
		{482A0606-8657-48EA-A341-1A8AF6A820B7}.Debug|x64.Build.0 = Release|x64
		{482A0606-8657-48EA-A341-1A8AF6A820B7}.Release|Mixed Platforms.ActiveCfg = Release|Win32
		{482A0606-8657-48EA-A341-1A8AF6A820B7}.Release|Mixed Platforms.Build.0 = Release|Win32
		{482A0606-8657-48EA-A341-1A8AF6A820B7}.Release|Pocket PC 2003 (ARMV4).ActiveCfg = Release|Win32
		{482A0606-8657-48EA-A341-1A8AF6A820B7}.Release|Win32.ActiveCfg = Release|Win32
		{482A0606-8657-48EA-A341-1A8AF6A820B7}.Release|Win32.Build.0 = Release|Win32
		{482A0606-8657-48EA-A341-1A8AF6A820B7}.Release|x64.ActiveCfg = Release|x64
		{482A0606-8657-48EA-A341-1A8AF6A820B7}.Release|x64.Build.0 = Release|x64
		{482A0606-8657-48EA-A341-1A8AF6A820B7}.Template|Mixed Platforms.ActiveCfg = Release|Win32
		{482A0606-8657-48EA-A341-1A8AF6A820B7}.Template|Mixed Platforms.Build.0 = Release|Win32
		{482A0606-8657-48EA-A341-1A8AF6A820B7}.Template|Pocket PC 2003 (ARMV4).ActiveCfg = Release|x64
		{482A0606-8657-48EA-A341-1A8AF6A820B7}.Template|Pocket PC 2003 (ARMV4).Build.0 = Release|x64
		{482A0606-8657-48EA-A341-1A8AF6A820B7}.Template|Win32.ActiveCfg = Release|Win32
		{482A0606-8657-48EA-A341-1A8AF6A820B7}.Template|Win32.Build.0 = Release|Win32
		{482A0606-8657-48EA-A341-1A8AF6A820B7}.Template|x64.ActiveCfg = Release|x64
		{482A0606-8657-48EA-A341-1A8AF6A820B7}.Template|x64.Build.0 = Release|x64
		{6930FEEA-23D0-4464-9F50-73245E3BD008}.Debug|Mixed Platforms.ActiveCfg = Release|Win32
		{6930FEEA-23D0-4464-9F50-73245E3BD008}.Debug|Mixed Platforms.Build.0 = Release|Win32
		{6930FEEA-23D0-4464-9F50-73245E3BD008}.Debug|Pocket PC 2003 (ARMV4).ActiveCfg = Release|x64
		{6930FEEA-23D0-4464-9F50-73245E3BD008}.Debug|Pocket PC 2003 (ARMV4).Build.0 = Release|x64
		{6930FEEA-23D0-4464-9F50-73245E3BD008}.Debug|Win32.ActiveCfg = Release|Win32
		{6930FEEA-23D0-4464-9F50-73245E3BD008}.Debug|Win32.Build.0 = Release|Win32
		{6930FEEA-23D0-4464-9F50-73245E3BD008}.Debug|x64.ActiveCfg = Release|x64
		{6930FEEA-23D0-4464-9F50-73245E3BD008}.Debug|x64.Build.0 = Release|x64
		{6930FEEA-23D0-4464-9F50-73245E3BD008}.Release|Mixed Platforms.ActiveCfg = Release|Win32
		{6930FEEA-23D0-4464-9F50-73245E3BD008}.Release|Mixed Platforms.Build.0 = Release|Win32
		{6930FEEA-23D0-4464-9F50-73245E3BD008}.Release|Pocket PC 2003 (ARMV4).ActiveCfg = Release|Win32
		{6930FEEA-23D0-4464-9F50-73245E3BD008}.Release|Win32.ActiveCfg = Release|Win32
		{6930FEEA-23D0-4464-9F50-73245E3BD008}.Release|Win32.Build.0 = Release|Win32
		{6930FEEA-23D0-4464-9F50-73245E3BD008}.Release|x64.ActiveCfg = Release|x64
		{6930FEEA-23D0-4464-9F50-73245E3BD008}.Release|x64.Build.0 = Release|x64
		{6930FEEA-23D0-4464-9F50-73245E3BD008}.Template|Mixed Platforms.ActiveCfg = Release|Win32
		{6930FEEA-23D0-4464-9F50-73245E3BD008}.Template|Mixed Platforms.Build.0 = Release|Win32
		{6930FEEA-23D0-4464-9F50-73245E3BD008}.Template|Pocket PC 2003 (ARMV4).ActiveCfg = Release|x64
		{6930FEEA-23D0-4464-9F50-73245E3BD008}.Template|Pocket PC 2003 (ARMV4).Build.0 = Release|x64
		{6930FEEA-23D0-4464-9F50-73245E3BD008}.Template|Win32.ActiveCfg = Release|Win32
		{6930FEEA-23D0-4464-9F50-73245E3BD008}.Template|Win32.Build.0 = Release|Win32
		{6930FEEA-23D0-4464-9F50-73245E3BD008}.Template|x64.ActiveCfg = Release|x64
		{6930FEEA-23D0-4464-9F50-73245E3BD008}.Template|x64.Build.0 = Release|x64
		{4FC58961-D062-4307-9D10-1640DEDC0803}.Debug|Mixed Platforms.ActiveCfg = Release|Win32
		{4FC58961-D062-4307-9D10-1640DEDC0803}.Debug|Mixed Platforms.Build.0 = Release|Win32
		{4FC58961-D062-4307-9D10-1640DEDC0803}.Debug|Pocket PC 2003 (ARMV4).ActiveCfg = Release|x64
		{4FC58961-D062-4307-9D10-1640DEDC0803}.Debug|Pocket PC 2003 (ARMV4).Build.0 = Release|x64
		{4FC58961-D062-4307-9D10-1640DEDC0803}.Debug|Win32.ActiveCfg = Release|Win32
		{4FC58961-D062-4307-9D10-1640DEDC0803}.Debug|Win32.Build.0 = Release|Win32
		{4FC58961-D062-4307-9D10-1640DEDC0803}.Debug|x64.ActiveCfg = Release|x64
		{4FC58961-D062-4307-9D10-1640DEDC0803}.Debug|x64.Build.0 = Release|x64
		{4FC58961-D062-4307-9D10-1640DEDC0803}.Release|Mixed Platforms.ActiveCfg = Release|Win32
		{4FC58961-D062-4307-9D10-1640DEDC0803}.Release|Mixed Platforms.Build.0 = Release|Win32
		{4FC58961-D062-4307-9D10-1640DEDC0803}.Release|Pocket PC 2003 (ARMV4).ActiveCfg = Release|Win32
		{4FC58961-D062-4307-9D10-1640DEDC0803}.Release|Win32.ActiveCfg = Release|Win32
		{4FC58961-D062-4307-9D10-1640DEDC0803}.Release|Win32.Build.0 = Release|Win32
		{4FC58961-D062-4307-9D10-1640DEDC0803}.Release|x64.ActiveCfg = Release|x64
		{4FC58961-D062-4307-9D10-1640DEDC0803}.Release|x64.Build.0 = Release|x64
		{4FC58961-D062-4307-9D10-1640DEDC0803}.Template|Mixed Platforms.ActiveCfg = Release|Win32
		{4FC58961-D062-4307-9D10-1640DEDC0803}.Template|Mixed Platforms.Build.0 = Release|Win32
		{4FC58961-D062-4307-9D10-1640DEDC0803}.Template|Pocket PC 2003 (ARMV4).ActiveCfg = Release|x64
		{4FC58961-D062-4307-9D10-1640DEDC0803}.Template|Pocket PC 2003 (ARMV4).Build.0 = Release|x64
		{4FC58961-D062-4307-9D10-1640DEDC0803}.Template|Win32.ActiveCfg = Release|Win32
		{4FC58961-D062-4307-9D10-1640DEDC0803}.Template|Win32.Build.0 = Release|Win32
		{4FC58961-D062-4307-9D10-1640DEDC0803}.Template|x64.ActiveCfg = Release|x64
		{4FC58961-D062-4307-9D10-1640DEDC0803}.Template|x64.Build.0 = Release|x64
		{4FCEC843-342E-4F74-9544-54BDB0B66AC9}.Debug|Mixed Platforms.ActiveCfg = Release|Win32
		{4FCEC843-342E-4F74-9544-54BDB0B66AC9}.Debug|Mixed Platforms.Build.0 = Release|Win32
		{4FCEC843-342E-4F74-9544-54BDB0B66AC9}.Debug|Pocket PC 2003 (ARMV4).ActiveCfg = Release|x64
		{4FCEC843-342E-4F74-9544-54BDB0B66AC9}.Debug|Pocket PC 2003 (ARMV4).Build.0 = Release|x64
		{4FCEC843-342E-4F74-9544-54BDB0B66AC9}.Debug|Win32.ActiveCfg = Release|Win32
		{4FCEC843-342E-4F74-9544-54BDB0B66AC9}.Debug|Win32.Build.0 = Release|Win32
		{4FCEC843-342E-4F74-9544-54BDB0B66AC9}.Debug|x64.ActiveCfg = Release|x64
		{4FCEC843-342E-4F74-9544-54BDB0B66AC9}.Debug|x64.Build.0 = Release|x64
		{4FCEC843-342E-4F74-9544-54BDB0B66AC9}.Release|Mixed Platforms.ActiveCfg = Release|Win32
		{4FCEC843-342E-4F74-9544-54BDB0B66AC9}.Release|Mixed Platforms.Build.0 = Release|Win32
		{4FCEC843-342E-4F74-9544-54BDB0B66AC9}.Release|Pocket PC 2003 (ARMV4).ActiveCfg = Release|Win32
		{4FCEC843-342E-4F74-9544-54BDB0B66AC9}.Release|Win32.ActiveCfg = Release|Win32
		{4FCEC843-342E-4F74-9544-54BDB0B66AC9}.Release|Win32.Build.0 = Release|Win32
		{4FCEC843-342E-4F74-9544-54BDB0B66AC9}.Release|x64.ActiveCfg = Release|x64
		{4FCEC843-342E-4F74-9544-54BDB0B66AC9}.Release|x64.Build.0 = Release|x64
		{4FCEC843-342E-4F74-9544-54BDB0B66AC9}.Template|Mixed Platforms.ActiveCfg = Release|Win32
		{4FCEC843-342E-4F74-9544-54BDB0B66AC9}.Template|Mixed Platforms.Build.0 = Release|Win32
		{4FCEC843-342E-4F74-9544-54BDB0B66AC9}.Template|Pocket PC 2003 (ARMV4).ActiveCfg = Release|x64
		{4FCEC843-342E-4F74-9544-54BDB0B66AC9}.Template|Pocket PC 2003 (ARMV4).Build.0 = Release|x64
		{4FCEC843-342E-4F74-9544-54BDB0B66AC9}.Template|Win32.ActiveCfg = Release|Win32
		{4FCEC843-342E-4F74-9544-54BDB0B66AC9}.Template|Win32.Build.0 = Release|Win32
		{4FCEC843-342E-4F74-9544-54BDB0B66AC9}.Template|x64.ActiveCfg = Release|x64
		{4FCEC843-342E-4F74-9544-54BDB0B66AC9}.Template|x64.Build.0 = Release|x64
		{F63D59D5-2CF6-4A41-A105-941725E64633}.Debug|Mixed Platforms.ActiveCfg = Release|Win32
		{F63D59D5-2CF6-4A41-A105-941725E64633}.Debug|Mixed Platforms.Build.0 = Release|Win32
		{F63D59D5-2CF6-4A41-A105-941725E64633}.Debug|Pocket PC 2003 (ARMV4).ActiveCfg = Release|x64
		{F63D59D5-2CF6-4A41-A105-941725E64633}.Debug|Pocket PC 2003 (ARMV4).Build.0 = Release|x64
		{F63D59D5-2CF6-4A41-A105-941725E64633}.Debug|Win32.ActiveCfg = Release|Win32
		{F63D59D5-2CF6-4A41-A105-941725E64633}.Debug|Win32.Build.0 = Release|Win32
		{F63D59D5-2CF6-4A41-A105-941725E64633}.Debug|x64.ActiveCfg = Release|x64
		{F63D59D5-2CF6-4A41-A105-941725E64633}.Debug|x64.Build.0 = Release|x64
		{F63D59D5-2CF6-4A41-A105-941725E64633}.Release|Mixed Platforms.ActiveCfg = Release|Win32
		{F63D59D5-2CF6-4A41-A105-941725E64633}.Release|Mixed Platforms.Build.0 = Release|Win32
		{F63D59D5-2CF6-4A41-A105-941725E64633}.Release|Pocket PC 2003 (ARMV4).ActiveCfg = Release|Win32
		{F63D59D5-2CF6-4A41-A105-941725E64633}.Release|Win32.ActiveCfg = Release|Win32
		{F63D59D5-2CF6-4A41-A105-941725E64633}.Release|Win32.Build.0 = Release|Win32
		{F63D59D5-2CF6-4A41-A105-941725E64633}.Release|x64.ActiveCfg = Release|x64
		{F63D59D5-2CF6-4A41-A105-941725E64633}.Release|x64.Build.0 = Release|x64
		{F63D59D5-2CF6-4A41-A105-941725E64633}.Template|Mixed Platforms.ActiveCfg = Release|Win32
		{F63D59D5-2CF6-4A41-A105-941725E64633}.Template|Mixed Platforms.Build.0 = Release|Win32
		{F63D59D5-2CF6-4A41-A105-941725E64633}.Template|Pocket PC 2003 (ARMV4).ActiveCfg = Release|x64
		{F63D59D5-2CF6-4A41-A105-941725E64633}.Template|Pocket PC 2003 (ARMV4).Build.0 = Release|x64
		{F63D59D5-2CF6-4A41-A105-941725E64633}.Template|Win32.ActiveCfg = Release|Win32
		{F63D59D5-2CF6-4A41-A105-941725E64633}.Template|Win32.Build.0 = Release|Win32
		{F63D59D5-2CF6-4A41-A105-941725E64633}.Template|x64.ActiveCfg = Release|x64
		{F63D59D5-2CF6-4A41-A105-941725E64633}.Template|x64.Build.0 = Release|x64
		{8A4EA07E-5FB9-408A-AF6A-380F91A1E04F}.Debug|Mixed Platforms.ActiveCfg = Release|Win32
		{8A4EA07E-5FB9-408A-AF6A-380F91A1E04F}.Debug|Mixed Platforms.Build.0 = Release|Win32
		{8A4EA07E-5FB9-408A-AF6A-380F91A1E04F}.Debug|Pocket PC 2003 (ARMV4).ActiveCfg = Release|x64
		{8A4EA07E-5FB9-408A-AF6A-380F91A1E04F}.Debug|Pocket PC 2003 (ARMV4).Build.0 = Release|x64
		{8A4EA07E-5FB9-408A-AF6A-380F91A1E04F}.Debug|Win32.ActiveCfg = Release|Win32
		{8A4EA07E-5FB9-408A-AF6A-380F91A1E04F}.Debug|Win32.Build.0 = Release|Win32
		{8A4EA07E-5FB9-408A-AF6A-380F91A1E04F}.Debug|x64.ActiveCfg = Release|x64
		{8A4EA07E-5FB9-408A-AF6A-380F91A1E04F}.Debug|x64.Build.0 = Release|x64
		{8A4EA07E-5FB9-408A-AF6A-380F91A1E04F}.Release|Mixed Platforms.ActiveCfg = Release|Win32
		{8A4EA07E-5FB9-408A-AF6A-380F91A1E04F}.Release|Mixed Platforms.Build.0 = Release|Win32
		{8A4EA07E-5FB9-408A-AF6A-380F91A1E04F}.Release|Pocket PC 2003 (ARMV4).ActiveCfg = Release|Win32
		{8A4EA07E-5FB9-408A-AF6A-380F91A1E04F}.Release|Win32.ActiveCfg = Release|Win32
		{8A4EA07E-5FB9-408A-AF6A-380F91A1E04F}.Release|Win32.Build.0 = Release|Win32
		{8A4EA07E-5FB9-408A-AF6A-380F91A1E04F}.Release|x64.ActiveCfg = Release|x64
		{8A4EA07E-5FB9-408A-AF6A-380F91A1E04F}.Release|x64.Build.0 = Release|x64
		{8A4EA07E-5FB9-408A-AF6A-380F91A1E04F}.Template|Mixed Platforms.ActiveCfg = Release|Win32
		{8A4EA07E-5FB9-408A-AF6A-380F91A1E04F}.Template|Mixed Platforms.Build.0 = Release|Win32
		{8A4EA07E-5FB9-408A-AF6A-380F91A1E04F}.Template|Pocket PC 2003 (ARMV4).ActiveCfg = Release|x64
		{8A4EA07E-5FB9-408A-AF6A-380F91A1E04F}.Template|Pocket PC 2003 (ARMV4).Build.0 = Release|x64
		{8A4EA07E-5FB9-408A-AF6A-380F91A1E04F}.Template|Win32.ActiveCfg = Release|Win32
		{8A4EA07E-5FB9-408A-AF6A-380F91A1E04F}.Template|Win32.Build.0 = Release|Win32
		{8A4EA07E-5FB9-408A-AF6A-380F91A1E04F}.Template|x64.ActiveCfg = Release|x64
		{8A4EA07E-5FB9-408A-AF6A-380F91A1E04F}.Template|x64.Build.0 = Release|x64
		{AAA3B22E-787B-4839-A25F-02823775BE43}.Debug|Mixed Platforms.ActiveCfg = Debug|Win32
		{AAA3B22E-787B-4839-A25F-02823775BE43}.Debug|Mixed Platforms.Build.0 = Debug|Win32
		{AAA3B22E-787B-4839-A25F-02823775BE43}.Debug|Pocket PC 2003 (ARMV4).ActiveCfg = Debug|Win32
		{AAA3B22E-787B-4839-A25F-02823775BE43}.Debug|Win32.ActiveCfg = Debug|Win32
		{AAA3B22E-787B-4839-A25F-02823775BE43}.Debug|Win32.Build.0 = Debug|Win32
		{AAA3B22E-787B-4839-A25F-02823775BE43}.Debug|x64.ActiveCfg = Debug|x64
		{AAA3B22E-787B-4839-A25F-02823775BE43}.Debug|x64.Build.0 = Debug|x64
		{AAA3B22E-787B-4839-A25F-02823775BE43}.Release|Mixed Platforms.ActiveCfg = Release|Win32
		{AAA3B22E-787B-4839-A25F-02823775BE43}.Release|Mixed Platforms.Build.0 = Release|Win32
		{AAA3B22E-787B-4839-A25F-02823775BE43}.Release|Pocket PC 2003 (ARMV4).ActiveCfg = Release|Win32
		{AAA3B22E-787B-4839-A25F-02823775BE43}.Release|Win32.ActiveCfg = Release|Win32
		{AAA3B22E-787B-4839-A25F-02823775BE43}.Release|Win32.Build.0 = Release|Win32
		{AAA3B22E-787B-4839-A25F-02823775BE43}.Release|x64.ActiveCfg = Release|x64
		{AAA3B22E-787B-4839-A25F-02823775BE43}.Release|x64.Build.0 = Release|x64
		{AAA3B22E-787B-4839-A25F-02823775BE43}.Template|Mixed Platforms.ActiveCfg = Release|Win32
		{AAA3B22E-787B-4839-A25F-02823775BE43}.Template|Mixed Platforms.Build.0 = Release|Win32
		{AAA3B22E-787B-4839-A25F-02823775BE43}.Template|Pocket PC 2003 (ARMV4).ActiveCfg = Release|x64
		{AAA3B22E-787B-4839-A25F-02823775BE43}.Template|Pocket PC 2003 (ARMV4).Build.0 = Release|x64
		{AAA3B22E-787B-4839-A25F-02823775BE43}.Template|Win32.ActiveCfg = Release|Win32
		{AAA3B22E-787B-4839-A25F-02823775BE43}.Template|Win32.Build.0 = Release|Win32
		{AAA3B22E-787B-4839-A25F-02823775BE43}.Template|x64.ActiveCfg = Release|x64
		{AAA3B22E-787B-4839-A25F-02823775BE43}.Template|x64.Build.0 = Release|x64
		{232D6205-7ADC-41CC-9A2C-7393401C53F6}.Debug|Mixed Platforms.ActiveCfg = Release|Win32
		{232D6205-7ADC-41CC-9A2C-7393401C53F6}.Debug|Mixed Platforms.Build.0 = Release|Win32
		{232D6205-7ADC-41CC-9A2C-7393401C53F6}.Debug|Pocket PC 2003 (ARMV4).ActiveCfg = Release|x64
		{232D6205-7ADC-41CC-9A2C-7393401C53F6}.Debug|Pocket PC 2003 (ARMV4).Build.0 = Release|x64
		{232D6205-7ADC-41CC-9A2C-7393401C53F6}.Debug|Win32.ActiveCfg = Release|Win32
		{232D6205-7ADC-41CC-9A2C-7393401C53F6}.Debug|Win32.Build.0 = Release|Win32
		{232D6205-7ADC-41CC-9A2C-7393401C53F6}.Debug|x64.ActiveCfg = Release|x64
		{232D6205-7ADC-41CC-9A2C-7393401C53F6}.Debug|x64.Build.0 = Release|x64
		{232D6205-7ADC-41CC-9A2C-7393401C53F6}.Release|Mixed Platforms.ActiveCfg = Release|Win32
		{232D6205-7ADC-41CC-9A2C-7393401C53F6}.Release|Mixed Platforms.Build.0 = Release|Win32
		{232D6205-7ADC-41CC-9A2C-7393401C53F6}.Release|Pocket PC 2003 (ARMV4).ActiveCfg = Release|Win32
		{232D6205-7ADC-41CC-9A2C-7393401C53F6}.Release|Win32.ActiveCfg = Release|Win32
		{232D6205-7ADC-41CC-9A2C-7393401C53F6}.Release|Win32.Build.0 = Release|Win32
		{232D6205-7ADC-41CC-9A2C-7393401C53F6}.Release|x64.ActiveCfg = Release|x64
		{232D6205-7ADC-41CC-9A2C-7393401C53F6}.Release|x64.Build.0 = Release|x64
		{232D6205-7ADC-41CC-9A2C-7393401C53F6}.Template|Mixed Platforms.ActiveCfg = Release|Win32
		{232D6205-7ADC-41CC-9A2C-7393401C53F6}.Template|Mixed Platforms.Build.0 = Release|Win32
		{232D6205-7ADC-41CC-9A2C-7393401C53F6}.Template|Pocket PC 2003 (ARMV4).ActiveCfg = Release|x64
		{232D6205-7ADC-41CC-9A2C-7393401C53F6}.Template|Pocket PC 2003 (ARMV4).Build.0 = Release|x64
		{232D6205-7ADC-41CC-9A2C-7393401C53F6}.Template|Win32.ActiveCfg = Release|Win32
		{232D6205-7ADC-41CC-9A2C-7393401C53F6}.Template|Win32.Build.0 = Release|Win32
		{232D6205-7ADC-41CC-9A2C-7393401C53F6}.Template|x64.ActiveCfg = Release|x64
		{232D6205-7ADC-41CC-9A2C-7393401C53F6}.Template|x64.Build.0 = Release|x64
		{B54C427C-3F5F-45CA-988B-00112FD82C88}.Debug|Mixed Platforms.ActiveCfg = Release|Win32
		{B54C427C-3F5F-45CA-988B-00112FD82C88}.Debug|Mixed Platforms.Build.0 = Release|Win32
		{B54C427C-3F5F-45CA-988B-00112FD82C88}.Debug|Pocket PC 2003 (ARMV4).ActiveCfg = Release|x64
		{B54C427C-3F5F-45CA-988B-00112FD82C88}.Debug|Pocket PC 2003 (ARMV4).Build.0 = Release|x64
		{B54C427C-3F5F-45CA-988B-00112FD82C88}.Debug|Win32.ActiveCfg = Release|Win32
		{B54C427C-3F5F-45CA-988B-00112FD82C88}.Debug|Win32.Build.0 = Release|Win32
		{B54C427C-3F5F-45CA-988B-00112FD82C88}.Debug|x64.ActiveCfg = Release|x64
		{B54C427C-3F5F-45CA-988B-00112FD82C88}.Debug|x64.Build.0 = Release|x64
		{B54C427C-3F5F-45CA-988B-00112FD82C88}.Release|Mixed Platforms.ActiveCfg = Release|Win32
		{B54C427C-3F5F-45CA-988B-00112FD82C88}.Release|Mixed Platforms.Build.0 = Release|Win32
		{B54C427C-3F5F-45CA-988B-00112FD82C88}.Release|Pocket PC 2003 (ARMV4).ActiveCfg = Release|Win32
		{B54C427C-3F5F-45CA-988B-00112FD82C88}.Release|Win32.ActiveCfg = Release|Win32
		{B54C427C-3F5F-45CA-988B-00112FD82C88}.Release|Win32.Build.0 = Release|Win32
		{B54C427C-3F5F-45CA-988B-00112FD82C88}.Release|x64.ActiveCfg = Release|x64
		{B54C427C-3F5F-45CA-988B-00112FD82C88}.Release|x64.Build.0 = Release|x64
		{B54C427C-3F5F-45CA-988B-00112FD82C88}.Template|Mixed Platforms.ActiveCfg = Release|Win32
		{B54C427C-3F5F-45CA-988B-00112FD82C88}.Template|Mixed Platforms.Build.0 = Release|Win32
		{B54C427C-3F5F-45CA-988B-00112FD82C88}.Template|Pocket PC 2003 (ARMV4).ActiveCfg = Release|x64
		{B54C427C-3F5F-45CA-988B-00112FD82C88}.Template|Pocket PC 2003 (ARMV4).Build.0 = Release|x64
		{B54C427C-3F5F-45CA-988B-00112FD82C88}.Template|Win32.ActiveCfg = Release|Win32
		{B54C427C-3F5F-45CA-988B-00112FD82C88}.Template|Win32.Build.0 = Release|Win32
		{B54C427C-3F5F-45CA-988B-00112FD82C88}.Template|x64.ActiveCfg = Release|x64
		{B54C427C-3F5F-45CA-988B-00112FD82C88}.Template|x64.Build.0 = Release|x64
		{B0B64617-BC0A-4948-84BE-FD23EE1E4356}.Debug|Mixed Platforms.ActiveCfg = Debug|Win32
		{B0B64617-BC0A-4948-84BE-FD23EE1E4356}.Debug|Mixed Platforms.Build.0 = Debug|Win32
		{B0B64617-BC0A-4948-84BE-FD23EE1E4356}.Debug|Pocket PC 2003 (ARMV4).ActiveCfg = Debug|Win32
		{B0B64617-BC0A-4948-84BE-FD23EE1E4356}.Debug|Win32.ActiveCfg = Debug|Win32
		{B0B64617-BC0A-4948-84BE-FD23EE1E4356}.Debug|Win32.Build.0 = Debug|Win32
		{B0B64617-BC0A-4948-84BE-FD23EE1E4356}.Debug|x64.ActiveCfg = Debug|x64
		{B0B64617-BC0A-4948-84BE-FD23EE1E4356}.Debug|x64.Build.0 = Debug|x64
		{B0B64617-BC0A-4948-84BE-FD23EE1E4356}.Release|Mixed Platforms.ActiveCfg = Release|Win32
		{B0B64617-BC0A-4948-84BE-FD23EE1E4356}.Release|Mixed Platforms.Build.0 = Release|Win32
		{B0B64617-BC0A-4948-84BE-FD23EE1E4356}.Release|Pocket PC 2003 (ARMV4).ActiveCfg = Release|Win32
		{B0B64617-BC0A-4948-84BE-FD23EE1E4356}.Release|Win32.ActiveCfg = Release|Win32
		{B0B64617-BC0A-4948-84BE-FD23EE1E4356}.Release|Win32.Build.0 = Release|Win32
		{B0B64617-BC0A-4948-84BE-FD23EE1E4356}.Release|x64.ActiveCfg = Release|x64
		{B0B64617-BC0A-4948-84BE-FD23EE1E4356}.Release|x64.Build.0 = Release|x64
		{B0B64617-BC0A-4948-84BE-FD23EE1E4356}.Template|Mixed Platforms.ActiveCfg = Release|Win32
		{B0B64617-BC0A-4948-84BE-FD23EE1E4356}.Template|Mixed Platforms.Build.0 = Release|Win32
		{B0B64617-BC0A-4948-84BE-FD23EE1E4356}.Template|Pocket PC 2003 (ARMV4).ActiveCfg = Release|x64
		{B0B64617-BC0A-4948-84BE-FD23EE1E4356}.Template|Pocket PC 2003 (ARMV4).Build.0 = Release|x64
		{B0B64617-BC0A-4948-84BE-FD23EE1E4356}.Template|Win32.ActiveCfg = Release|Win32
		{B0B64617-BC0A-4948-84BE-FD23EE1E4356}.Template|Win32.Build.0 = Release|Win32
		{B0B64617-BC0A-4948-84BE-FD23EE1E4356}.Template|x64.ActiveCfg = Release|x64
		{B0B64617-BC0A-4948-84BE-FD23EE1E4356}.Template|x64.Build.0 = Release|x64
	EndGlobalSection
	GlobalSection(SolutionProperties) = preSolution
		HideSolutionNode = FALSE
	EndGlobalSection
EndGlobal
