<?xml version="1.0" encoding="utf-8"?>
<Project ToolsVersion="4.0" xmlns="http://schemas.microsoft.com/developer/msbuild/2003">
  <ItemGroup>
    <Filter Include="Source Files">
      <UniqueIdentifier>{2f3f82d9-8c98-4390-90ac-14ad6cfb4c9a}</UniqueIdentifier>
      <Extensions>cpp;c;cxx;rc;def;r;odl;hpj;bat;for;f90</Extensions>
    </Filter>
    <Filter Include="Resource Files">
      <UniqueIdentifier>{5d643a22-33d0-4b45-8953-9515abb0b321}</UniqueIdentifier>
      <Extensions>ico;cur;bmp;dlg;rc2;rct;bin;cnt;rtf;gif;jpg;jpeg;jpe</Extensions>
    </Filter>
  </ItemGroup>
  <ItemGroup>
    <ClCompile Include="Update Customer.CPP">
      <Filter>Source Files</Filter>
    </ClCompile>
    <ClCompile Include="Update SQL.cpp">
      <Filter>Source Files</Filter>
    </ClCompile>
    <ClCompile Include="File List.cpp">
      <Filter>Source Files</Filter>
    </ClCompile>
    <ClCompile Include="Inventory.cpp">
      <Filter>Source Files</Filter>
    </ClCompile>
    <ClCompile Include="Contact.cpp">
      <Filter>Source Files</Filter>
    </ClCompile>
    <ClCompile Include="Last Modified.cpp">
      <Filter>Source Files</Filter>
    </ClCompile>
    <ClCompile Include="..\..\52nd East Paint\Paint Schedule\Chain List.cpp">
      <Filter>Source Files</Filter>
    </ClCompile>
    <ClCompile Include="..\..\52nd East Paint\Paint Schedule\Color Group.cpp">
      <Filter>Source Files</Filter>
    </ClCompile>
    <ClCompile Include="..\..\52nd East Paint\Paint Schedule\Finished Part.cpp">
      <Filter>Source Files</Filter>
    </ClCompile>
    <ClCompile Include="..\..\52nd East Paint\Paint Schedule\Paint Gap.cpp">
      <Filter>Source Files</Filter>
    </ClCompile>
    <ClCompile Include="..\..\52nd East Paint\Paint Schedule\Paint Schedule Setup Dialog.cpp">
      <Filter>Source Files</Filter>
    </ClCompile>
    <ClCompile Include="..\..\52nd East Paint\Paint Schedule\Paint.cpp">
      <Filter>Source Files</Filter>
    </ClCompile>
    <ClCompile Include="..\..\52nd East Paint\Paint Schedule\Schedule.cpp">
      <Filter>Source Files</Filter>
    </ClCompile>
    <ClCompile Include="..\..\52nd East Paint\Paint Schedule\Week of Date Dialog.cpp">
      <Filter>Source Files</Filter>
    </ClCompile>
    <ClCompile Include="..\..\Trend\Cycle.cpp">
      <Filter>Source Files</Filter>
    </ClCompile>
    <ClCompile Include="..\..\Trend\Movement Problem.cpp">
      <Filter>Source Files</Filter>
    </ClCompile>
    <ClCompile Include="..\..\Trend\Production Query.cpp">
      <Filter>Source Files</Filter>
    </ClCompile>
    <ClCompile Include="..\..\Trend\Production Cycle Query.cpp">
      <Filter>Source Files</Filter>
    </ClCompile>
    <ClCompile Include="..\..\Linetec Common\Linetec Common\Color Setpoint.cpp">
      <Filter>Source Files</Filter>
    </ClCompile>
    <ClCompile Include="..\..\Linetec Common\Linetec Common\Color Loop.cpp">
      <Filter>Source Files</Filter>
    </ClCompile>
    <ClCompile Include="..\..\Linetec Common\Linetec Common\Thickness Limit.cpp">
      <Filter>Source Files</Filter>
    </ClCompile>
    <ClCompile Include="..\..\Linetec Common\Linetec Common\Translate.cpp">
      <Filter>Source Files</Filter>
    </ClCompile>
    <ClCompile Include="..\..\Linetec Common\Linetec Common\Quality.cpp">
      <Filter>Source Files</Filter>
    </ClCompile>
    <ClCompile Include="..\..\Linetec Common\Linetec Common\Custom Exceptions Dialog.cpp">
      <Filter>Source Files</Filter>
    </ClCompile>
  </ItemGroup>
  <ItemGroup>
    <None Include="APPICON.ICO">
      <Filter>Resource Files</Filter>
    </None>
    <None Include="hospital.ico">
      <Filter>Resource Files</Filter>
    </None>
    <None Include="icon1.ico">
      <Filter>Resource Files</Filter>
    </None>
  </ItemGroup>
  <ItemGroup>
    <ResourceCompile Include="Update Customer.RC">
      <Filter>Resource Files</Filter>
    </ResourceCompile>
  </ItemGroup>
  <ItemGroup>
    <ClInclude Include="resource.h" />
  </ItemGroup>
</Project>